// !$*UTF8*$!
{
	archiveVersion = 1;
	classes = {
	};
	objectVersion = 56;
	objects = {

/* Begin PBXBuildFile section */
		1C151D9D2AA85A9100CFA6E6 /* swr.c in Sources */ = {isa = PBXBuildFile; fileRef = 1C151D9B2AA85A9100CFA6E6 /* swr.c */; };
		1CA0FE542A765BE000EADD14 /* main.m in Sources */ = {isa = PBXBuildFile; fileRef = 1CA0FE532A765BE000EADD14 /* main.m */; };
		1CA0FE5C2A765C1400EADD14 /* XPCServer.m in Sources */ = {isa = PBXBuildFile; fileRef = 1CA0FE5B2A765C1400EADD14 /* XPCServer.m */; };
		1CA0FE602A76602700EADD14 /* ESController.m in Sources */ = {isa = PBXBuildFile; fileRef = 1CA0FE5F2A76602700EADD14 /* ESController.m */; };
		6EDF4C2B2A79593E00626979 /* libEndpointSecurity.tbd in Frameworks */ = {isa = PBXBuildFile; fileRef = 6EDF4C2A2A79593E00626979 /* libEndpointSecurity.tbd */; };
/* End PBXBuildFile section */

/* Begin PBXCopyFilesBuildPhase section */
		1CA0FE4E2A765BE000EADD14 /* CopyFiles */ = {
			isa = PBXCopyFilesBuildPhase;
			buildActionMask = 2147483647;
			dstPath = /usr/share/man/man1/;
			dstSubfolderSpec = 0;
			files = (
			);
			runOnlyForDeploymentPostprocessing = 1;
		};
/* End PBXCopyFilesBuildPhase section */

/* Begin PBXFileReference section */
		1C151D9B2AA85A9100CFA6E6 /* swr.c */ = {isa = PBXFileReference; fileEncoding = 4; lastKnownFileType = sourcecode.c.c; path = swr.c; sourceTree = "<group>"; };
		1C151D9C2AA85A9100CFA6E6 /* swr.h */ = {isa = PBXFileReference; fileEncoding = 4; lastKnownFileType = sourcecode.c.h; path = swr.h; sourceTree = "<group>"; };
		1CA0FE502A765BE000EADD14 /* EService */ = {isa = PBXFileReference; explicitFileType = "compiled.mach-o.executable"; includeInIndex = 0; path = EService; sourceTree = BUILT_PRODUCTS_DIR; };
		1CA0FE532A765BE000EADD14 /* main.m */ = {isa = PBXFileReference; lastKnownFileType = sourcecode.c.objc; path = main.m; sourceTree = "<group>"; };
		1CA0FE5A2A765C1400EADD14 /* XPCServer.h */ = {isa = PBXFileReference; lastKnownFileType = sourcecode.c.h; path = XPCServer.h; sourceTree = "<group>"; };
		1CA0FE5B2A765C1400EADD14 /* XPCServer.m */ = {isa = PBXFileReference; lastKnownFileType = sourcecode.c.objc; path = XPCServer.m; sourceTree = "<group>"; };
		1CA0FE5D2A765E5600EADD14 /* EService.h */ = {isa = PBXFileReference; lastKnownFileType = sourcecode.c.h; path = EService.h; sourceTree = "<group>"; };
		1CA0FE5E2A76602700EADD14 /* ESController.h */ = {isa = PBXFileReference; lastKnownFileType = sourcecode.c.h; path = ESController.h; sourceTree = "<group>"; };
		1CA0FE5F2A76602700EADD14 /* ESController.m */ = {isa = PBXFileReference; lastKnownFileType = sourcecode.c.objc; path = ESController.m; sourceTree = "<group>"; };
		6EDF4C2A2A79593E00626979 /* libEndpointSecurity.tbd */ = {isa = PBXFileReference; lastKnownFileType = "sourcecode.text-based-dylib-definition"; name = libEndpointSecurity.tbd; path = usr/lib/libEndpointSecurity.tbd; sourceTree = SDKROOT; };
/* End PBXFileReference section */

/* Begin PBXFrameworksBuildPhase section */
		1CA0FE4D2A765BE000EADD14 /* Frameworks */ = {
			isa = PBXFrameworksBuildPhase;
			buildActionMask = 2147483647;
			files = (
				6EDF4C2B2A79593E00626979 /* libEndpointSecurity.tbd in Frameworks */,
			);
			runOnlyForDeploymentPostprocessing = 0;
		};
/* End PBXFrameworksBuildPhase section */

/* Begin PBXGroup section */
		1CA0FE472A765BDF00EADD14 = {
			isa = PBXGroup;
			children = (
				1CA0FE522A765BE000EADD14 /* EService */,
				1CA0FE512A765BE000EADD14 /* Products */,
				6EDF4C292A79593E00626979 /* Frameworks */,
			);
			sourceTree = "<group>";
		};
		1CA0FE512A765BE000EADD14 /* Products */ = {
			isa = PBXGroup;
			children = (
				1CA0FE502A765BE000EADD14 /* EService */,
			);
			name = Products;
			sourceTree = "<group>";
		};
		1CA0FE522A765BE000EADD14 /* EService */ = {
			isa = PBXGroup;
			children = (
				1CA0FE5D2A765E5600EADD14 /* EService.h */,
				1C151D9B2AA85A9100CFA6E6 /* swr.c */,
				1C151D9C2AA85A9100CFA6E6 /* swr.h */,
				1CA0FE532A765BE000EADD14 /* main.m */,
				1CA0FE5A2A765C1400EADD14 /* XPCServer.h */,
				1CA0FE5B2A765C1400EADD14 /* XPCServer.m */,
				1CA0FE5E2A76602700EADD14 /* ESController.h */,
				1CA0FE5F2A76602700EADD14 /* ESController.m */,
			);
			path = EService;
			sourceTree = "<group>";
		};
		6EDF4C292A79593E00626979 /* Frameworks */ = {
			isa = PBXGroup;
			children = (
				6EDF4C2A2A79593E00626979 /* libEndpointSecurity.tbd */,
			);
			name = Frameworks;
			sourceTree = "<group>";
		};
/* End PBXGroup section */

/* Begin PBXNativeTarget section */
		1CA0FE4F2A765BE000EADD14 /* EService */ = {
			isa = PBXNativeTarget;
			buildConfigurationList = 1CA0FE572A765BE000EADD14 /* Build configuration list for PBXNativeTarget "EService" */;
			buildPhases = (
				1CA0FE4C2A765BE000EADD14 /* Sources */,
				1CA0FE4D2A765BE000EADD14 /* Frameworks */,
				1CA0FE4E2A765BE000EADD14 /* CopyFiles */,
			);
			buildRules = (
			);
			dependencies = (
			);
			name = EService;
			productName = ESevice;
			productReference = 1CA0FE502A765BE000EADD14 /* EService */;
			productType = "com.apple.product-type.tool";
		};
/* End PBXNativeTarget section */

/* Begin PBXProject section */
		1CA0FE482A765BDF00EADD14 /* Project object */ = {
			isa = PBXProject;
			attributes = {
				BuildIndependentTargetsInParallel = 1;
				LastUpgradeCheck = 1420;
				TargetAttributes = {
					1CA0FE4F2A765BE000EADD14 = {
						CreatedOnToolsVersion = 14.2;
					};
				};
			};
			buildConfigurationList = 1CA0FE4B2A765BDF00EADD14 /* Build configuration list for PBXProject "EService" */;
			compatibilityVersion = "Xcode 14.0";
			developmentRegion = en;
			hasScannedForEncodings = 0;
			knownRegions = (
				en,
				Base,
			);
			mainGroup = 1CA0FE472A765BDF00EADD14;
			productRefGroup = 1CA0FE512A765BE000EADD14 /* Products */;
			projectDirPath = "";
			projectRoot = "";
			targets = (
				1CA0FE4F2A765BE000EADD14 /* EService */,
			);
		};
/* End PBXProject section */

/* Begin PBXSourcesBuildPhase section */
		1CA0FE4C2A765BE000EADD14 /* Sources */ = {
			isa = PBXSourcesBuildPhase;
			buildActionMask = 2147483647;
			files = (
				1C151D9D2AA85A9100CFA6E6 /* swr.c in Sources */,
				1CA0FE5C2A765C1400EADD14 /* XPCServer.m in Sources */,
				1CA0FE542A765BE000EADD14 /* main.m in Sources */,
				1CA0FE602A76602700EADD14 /* ESController.m in Sources */,
			);
			runOnlyForDeploymentPostprocessing = 0;
		};
/* End PBXSourcesBuildPhase section */

/* Begin XCBuildConfiguration section */
		1CA0FE552A765BE000EADD14 /* Debug */ = {
			isa = XCBuildConfiguration;
			buildSettings = {
				ALWAYS_SEARCH_USER_PATHS = NO;
				CLANG_ANALYZER_NONNULL = YES;
				CLANG_ANALYZER_NUMBER_OBJECT_CONVERSION = YES_AGGRESSIVE;
				CLANG_CXX_LANGUAGE_STANDARD = "gnu++20";
				CLANG_ENABLE_MODULES = YES;
				CLANG_ENABLE_OBJC_ARC = YES;
				CLANG_ENABLE_OBJC_WEAK = YES;
				CLANG_WARN_BLOCK_CAPTURE_AUTORELEASING = YES;
				CLANG_WARN_BOOL_CONVERSION = YES;
				CLANG_WARN_COMMA = YES;
				CLANG_WARN_CONSTANT_CONVERSION = YES;
				CLANG_WARN_DEPRECATED_OBJC_IMPLEMENTATIONS = YES;
				CLANG_WARN_DIRECT_OBJC_ISA_USAGE = YES_ERROR;
				CLANG_WARN_DOCUMENTATION_COMMENTS = YES;
				CLANG_WARN_EMPTY_BODY = YES;
				CLANG_WARN_ENUM_CONVERSION = YES;
				CLANG_WARN_INFINITE_RECURSION = YES;
				CLANG_WARN_INT_CONVERSION = YES;
				CLANG_WARN_NON_LITERAL_NULL_CONVERSION = YES;
				CLANG_WARN_OBJC_IMPLICIT_RETAIN_SELF = YES;
				CLANG_WARN_OBJC_LITERAL_CONVERSION = YES;
				CLANG_WARN_OBJC_ROOT_CLASS = YES_ERROR;
				CLANG_WARN_QUOTED_INCLUDE_IN_FRAMEWORK_HEADER = YES;
				CLANG_WARN_RANGE_LOOP_ANALYSIS = YES;
				CLANG_WARN_STRICT_PROTOTYPES = YES;
				CLANG_WARN_SUSPICIOUS_MOVE = YES;
				CLANG_WARN_UNGUARDED_AVAILABILITY = YES_AGGRESSIVE;
				CLANG_WARN_UNREACHABLE_CODE = YES;
				CLANG_WARN__DUPLICATE_METHOD_MATCH = YES;
				COPY_PHASE_STRIP = NO;
				DEBUG_INFORMATION_FORMAT = dwarf;
				ENABLE_STRICT_OBJC_MSGSEND = YES;
				ENABLE_TESTABILITY = YES;
				GCC_C_LANGUAGE_STANDARD = gnu11;
				GCC_DYNAMIC_NO_PIC = NO;
				GCC_NO_COMMON_BLOCKS = YES;
				GCC_OPTIMIZATION_LEVEL = 0;
				GCC_PREPROCESSOR_DEFINITIONS = (
					"DEBUG=1",
					"$(inherited)",
				);
				GCC_WARN_64_TO_32_BIT_CONVERSION = YES;
				GCC_WARN_ABOUT_RETURN_TYPE = YES_ERROR;
				GCC_WARN_UNDECLARED_SELECTOR = YES;
				GCC_WARN_UNINITIALIZED_AUTOS = YES_AGGRESSIVE;
				GCC_WARN_UNUSED_FUNCTION = YES;
				GCC_WARN_UNUSED_VARIABLE = YES;
				MACOSX_DEPLOYMENT_TARGET = 10.13;
				MTL_ENABLE_DEBUG_INFO = INCLUDE_SOURCE;
				MTL_FAST_MATH = YES;
				ONLY_ACTIVE_ARCH = YES;
				SDKROOT = macosx;
			};
			name = Debug;
		};
		1CA0FE562A765BE000EADD14 /* Release */ = {
			isa = XCBuildConfiguration;
			buildSettings = {
				ALWAYS_SEARCH_USER_PATHS = NO;
				CLANG_ANALYZER_NONNULL = YES;
				CLANG_ANALYZER_NUMBER_OBJECT_CONVERSION = YES_AGGRESSIVE;
				CLANG_CXX_LANGUAGE_STANDARD = "gnu++20";
				CLANG_ENABLE_MODULES = YES;
				CLANG_ENABLE_OBJC_ARC = YES;
				CLANG_ENABLE_OBJC_WEAK = YES;
				CLANG_WARN_BLOCK_CAPTURE_AUTORELEASING = YES;
				CLANG_WARN_BOOL_CONVERSION = YES;
				CLANG_WARN_COMMA = YES;
				CLANG_WARN_CONSTANT_CONVERSION = YES;
				CLANG_WARN_DEPRECATED_OBJC_IMPLEMENTATIONS = YES;
				CLANG_WARN_DIRECT_OBJC_ISA_USAGE = YES_ERROR;
				CLANG_WARN_DOCUMENTATION_COMMENTS = YES;
				CLANG_WARN_EMPTY_BODY = YES;
				CLANG_WARN_ENUM_CONVERSION = YES;
				CLANG_WARN_INFINITE_RECURSION = YES;
				CLANG_WARN_INT_CONVERSION = YES;
				CLANG_WARN_NON_LITERAL_NULL_CONVERSION = YES;
				CLANG_WARN_OBJC_IMPLICIT_RETAIN_SELF = YES;
				CLANG_WARN_OBJC_LITERAL_CONVERSION = YES;
				CLANG_WARN_OBJC_ROOT_CLASS = YES_ERROR;
				CLANG_WARN_QUOTED_INCLUDE_IN_FRAMEWORK_HEADER = YES;
				CLANG_WARN_RANGE_LOOP_ANALYSIS = YES;
				CLANG_WARN_STRICT_PROTOTYPES = YES;
				CLANG_WARN_SUSPICIOUS_MOVE = YES;
				CLANG_WARN_UNGUARDED_AVAILABILITY = YES_AGGRESSIVE;
				CLANG_WARN_UNREACHABLE_CODE = YES;
				CLANG_WARN__DUPLICATE_METHOD_MATCH = YES;
				COPY_PHASE_STRIP = NO;
				DEBUG_INFORMATION_FORMAT = "dwarf-with-dsym";
				ENABLE_NS_ASSERTIONS = NO;
				ENABLE_STRICT_OBJC_MSGSEND = YES;
				GCC_C_LANGUAGE_STANDARD = gnu11;
				GCC_NO_COMMON_BLOCKS = YES;
				GCC_WARN_64_TO_32_BIT_CONVERSION = YES;
				GCC_WARN_ABOUT_RETURN_TYPE = YES_ERROR;
				GCC_WARN_UNDECLARED_SELECTOR = YES;
				GCC_WARN_UNINITIALIZED_AUTOS = YES_AGGRESSIVE;
				GCC_WARN_UNUSED_FUNCTION = YES;
				GCC_WARN_UNUSED_VARIABLE = YES;
				MACOSX_DEPLOYMENT_TARGET = 10.13;
				MTL_ENABLE_DEBUG_INFO = NO;
				MTL_FAST_MATH = YES;
				SDKROOT = macosx;
			};
			name = Release;
		};
		1CA0FE582A765BE000EADD14 /* Debug */ = {
			isa = XCBuildConfiguration;
			buildSettings = {
				CODE_SIGN_STYLE = Automatic;
				DEVELOPMENT_TEAM = 4KDWBQAQFX;
				ENABLE_HARDENED_RUNTIME = YES;
				MACOSX_DEPLOYMENT_TARGET = 13.0;
				PRODUCT_NAME = "$(TARGET_NAME)";
			};
			name = Debug;
		};
		1CA0FE592A765BE000EADD14 /* Release */ = {
			isa = XCBuildConfiguration;
			buildSettings = {
				CODE_SIGN_STYLE = Automatic;
				DEVELOPMENT_TEAM = 4KDWBQAQFX;
				ENABLE_HARDENED_RUNTIME = YES;
				MACOSX_DEPLOYMENT_TARGET = 13.0;
				PRODUCT_NAME = "$(TARGET_NAME)";
			};
			name = Release;
		};
/* End XCBuildConfiguration section */

/* Begin XCConfigurationList section */
		1CA0FE4B2A765BDF00EADD14 /* Build configuration list for PBXProject "EService" */ = {
			isa = XCConfigurationList;
			buildConfigurations = (
				1CA0FE552A765BE000EADD14 /* Debug */,
				1CA0FE562A765BE000EADD14 /* Release */,
			);
			defaultConfigurationIsVisible = 0;
			defaultConfigurationName = Release;
		};
		1CA0FE572A765BE000EADD14 /* Build configuration list for PBXNativeTarget "EService" */ = {
			isa = XCConfigurationList;
			buildConfigurations = (
				1CA0FE582A765BE000EADD14 /* Debug */,
				1CA0FE592A765BE000EADD14 /* Release */,
			);
			defaultConfigurationIsVisible = 0;
			defaultConfigurationName = Release;
		};
/* End XCConfigurationList section */
	};
	rootObject = 1CA0FE482A765BDF00EADD14 /* Project object */;
}
