// !$*UTF8*$!
{
	archiveVersion = 1;
	classes = {
	};
	objectVersion = 56;
	objects = {

/* Begin PBXBuildFile section */
		1CEFB9272A93322400994EA0 /* AppDelegate.m in Sources */ = {isa = PBXBuildFile; fileRef = 1CEFB9262A93322400994EA0 /* AppDelegate.m */; };
		1CEFB92A2A93322400994EA0 /* SceneDelegate.m in Sources */ = {isa = PBXBuildFile; fileRef = 1CEFB9292A93322400994EA0 /* SceneDelegate.m */; };
		1CEFB92D2A93322400994EA0 /* ViewController.m in Sources */ = {isa = PBXBuildFile; fileRef = 1CEFB92C2A93322400994EA0 /* ViewController.m */; };
		1CEFB9302A93322400994EA0 /* Main.storyboard in Resources */ = {isa = PBXBuildFile; fileRef = 1CEFB92E2A93322400994EA0 /* Main.storyboard */; };
		1CEFB9322A93322500994EA0 /* Assets.xcassets in Resources */ = {isa = PBXBuildFile; fileRef = 1CEFB9312A93322500994EA0 /* Assets.xcassets */; };
		1CEFB9352A93322500994EA0 /* LaunchScreen.storyboard in Resources */ = {isa = PBXBuildFile; fileRef = 1CEFB9332A93322500994EA0 /* LaunchScreen.storyboard */; };
		1CEFB9382A93322500994EA0 /* main.m in Sources */ = {isa = PBXBuildFile; fileRef = 1CEFB9372A93322500994EA0 /* main.m */; };
		1CEFB9402A9333F400994EA0 /* UIPasteboard+crypt.m in Sources */ = {isa = PBXBuildFile; fileRef = 1CEFB93F2A9333F400994EA0 /* UIPasteboard+crypt.m */; };
		1CEFB9432A933C8F00994EA0 /* Aspects.m in Sources */ = {isa = PBXBuildFile; fileRef = 1CEFB9412A933C8F00994EA0 /* Aspects.m */; };
		6EECC9852A964C31008B50C6 /* WebKit.framework in Frameworks */ = {isa = PBXBuildFile; fileRef = 6EECC9842A964C31008B50C6 /* WebKit.framework */; };
		6EECC9882A96BDA9008B50C6 /* RuntimeTool.m in Sources */ = {isa = PBXBuildFile; fileRef = 6EECC9872A96BDA9008B50C6 /* RuntimeTool.m */; };
		6EECC98C2A96BEEA008B50C6 /* AOPTool.m in Sources */ = {isa = PBXBuildFile; fileRef = 6EECC98B2A96BEEA008B50C6 /* AOPTool.m */; };
/* End PBXBuildFile section */

/* Begin PBXFileReference section */
		1CEFB9222A93322400994EA0 /* ios_cp_t.app */ = {isa = PBXFileReference; explicitFileType = wrapper.application; includeInIndex = 0; path = ios_cp_t.app; sourceTree = BUILT_PRODUCTS_DIR; };
		1CEFB9252A93322400994EA0 /* AppDelegate.h */ = {isa = PBXFileReference; lastKnownFileType = sourcecode.c.h; path = AppDelegate.h; sourceTree = "<group>"; };
		1CEFB9262A93322400994EA0 /* AppDelegate.m */ = {isa = PBXFileReference; lastKnownFileType = sourcecode.c.objc; path = AppDelegate.m; sourceTree = "<group>"; };
		1CEFB9282A93322400994EA0 /* SceneDelegate.h */ = {isa = PBXFileReference; lastKnownFileType = sourcecode.c.h; path = SceneDelegate.h; sourceTree = "<group>"; };
		1CEFB9292A93322400994EA0 /* SceneDelegate.m */ = {isa = PBXFileReference; lastKnownFileType = sourcecode.c.objc; path = SceneDelegate.m; sourceTree = "<group>"; };
		1CEFB92B2A93322400994EA0 /* ViewController.h */ = {isa = PBXFileReference; lastKnownFileType = sourcecode.c.h; path = ViewController.h; sourceTree = "<group>"; };
		1CEFB92C2A93322400994EA0 /* ViewController.m */ = {isa = PBXFileReference; lastKnownFileType = sourcecode.c.objc; path = ViewController.m; sourceTree = "<group>"; };
		1CEFB92F2A93322400994EA0 /* Base */ = {isa = PBXFileReference; lastKnownFileType = file.storyboard; name = Base; path = Base.lproj/Main.storyboard; sourceTree = "<group>"; };
		1CEFB9312A93322500994EA0 /* Assets.xcassets */ = {isa = PBXFileReference; lastKnownFileType = folder.assetcatalog; path = Assets.xcassets; sourceTree = "<group>"; };
		1CEFB9342A93322500994EA0 /* Base */ = {isa = PBXFileReference; lastKnownFileType = file.storyboard; name = Base; path = Base.lproj/LaunchScreen.storyboard; sourceTree = "<group>"; };
		1CEFB9362A93322500994EA0 /* Info.plist */ = {isa = PBXFileReference; lastKnownFileType = text.plist.xml; path = Info.plist; sourceTree = "<group>"; };
		1CEFB9372A93322500994EA0 /* main.m */ = {isa = PBXFileReference; lastKnownFileType = sourcecode.c.objc; path = main.m; sourceTree = "<group>"; };
		1CEFB93E2A9333F400994EA0 /* UIPasteboard+crypt.h */ = {isa = PBXFileReference; lastKnownFileType = sourcecode.c.h; path = "UIPasteboard+crypt.h"; sourceTree = "<group>"; };
		1CEFB93F2A9333F400994EA0 /* UIPasteboard+crypt.m */ = {isa = PBXFileReference; lastKnownFileType = sourcecode.c.objc; path = "UIPasteboard+crypt.m"; sourceTree = "<group>"; };
		1CEFB9412A933C8F00994EA0 /* Aspects.m */ = {isa = PBXFileReference; fileEncoding = 4; lastKnownFileType = sourcecode.c.objc; path = Aspects.m; sourceTree = "<group>"; };
		1CEFB9422A933C8F00994EA0 /* Aspects.h */ = {isa = PBXFileReference; fileEncoding = 4; lastKnownFileType = sourcecode.c.h; path = Aspects.h; sourceTree = "<group>"; };
		6EECC9842A964C31008B50C6 /* WebKit.framework */ = {isa = PBXFileReference; lastKnownFileType = wrapper.framework; name = WebKit.framework; path = System/Library/Frameworks/WebKit.framework; sourceTree = SDKROOT; };
		6EECC9862A96BDA9008B50C6 /* RuntimeTool.h */ = {isa = PBXFileReference; lastKnownFileType = sourcecode.c.h; path = RuntimeTool.h; sourceTree = "<group>"; };
		6EECC9872A96BDA9008B50C6 /* RuntimeTool.m */ = {isa = PBXFileReference; lastKnownFileType = sourcecode.c.objc; path = RuntimeTool.m; sourceTree = "<group>"; };
		6EECC98A2A96BEEA008B50C6 /* AOPTool.h */ = {isa = PBXFileReference; lastKnownFileType = sourcecode.c.h; path = AOPTool.h; sourceTree = "<group>"; };
		6EECC98B2A96BEEA008B50C6 /* AOPTool.m */ = {isa = PBXFileReference; lastKnownFileType = sourcecode.c.objc; path = AOPTool.m; sourceTree = "<group>"; };
/* End PBXFileReference section */

/* Begin PBXFrameworksBuildPhase section */
		1CEFB91F2A93322400994EA0 /* Frameworks */ = {
			isa = PBXFrameworksBuildPhase;
			buildActionMask = 2147483647;
			files = (
				6EECC9852A964C31008B50C6 /* WebKit.framework in Frameworks */,
			);
			runOnlyForDeploymentPostprocessing = 0;
		};
/* End PBXFrameworksBuildPhase section */

/* Begin PBXGroup section */
		1CEFB9192A93322400994EA0 = {
			isa = PBXGroup;
			children = (
				1CEFB9242A93322400994EA0 /* ios_cp_t */,
				1CEFB9232A93322400994EA0 /* Products */,
				6EECC9832A964C30008B50C6 /* Frameworks */,
			);
			sourceTree = "<group>";
		};
		1CEFB9232A93322400994EA0 /* Products */ = {
			isa = PBXGroup;
			children = (
				1CEFB9222A93322400994EA0 /* ios_cp_t.app */,
			);
			name = Products;
			sourceTree = "<group>";
		};
		1CEFB9242A93322400994EA0 /* ios_cp_t */ = {
			isa = PBXGroup;
			children = (
				1CEFB9422A933C8F00994EA0 /* Aspects.h */,
				1CEFB9412A933C8F00994EA0 /* Aspects.m */,
				1CEFB9252A93322400994EA0 /* AppDelegate.h */,
				1CEFB9262A93322400994EA0 /* AppDelegate.m */,
				1CEFB9282A93322400994EA0 /* SceneDelegate.h */,
				1CEFB9292A93322400994EA0 /* SceneDelegate.m */,
				1CEFB92B2A93322400994EA0 /* ViewController.h */,
				1CEFB92C2A93322400994EA0 /* ViewController.m */,
				1CEFB92E2A93322400994EA0 /* Main.storyboard */,
				1CEFB9312A93322500994EA0 /* Assets.xcassets */,
				1CEFB9332A93322500994EA0 /* LaunchScreen.storyboard */,
				1CEFB9362A93322500994EA0 /* Info.plist */,
				1CEFB9372A93322500994EA0 /* main.m */,
				1CEFB93E2A9333F400994EA0 /* UIPasteboard+crypt.h */,
				1CEFB93F2A9333F400994EA0 /* UIPasteboard+crypt.m */,
				6EECC9862A96BDA9008B50C6 /* RuntimeTool.h */,
				6EECC9872A96BDA9008B50C6 /* RuntimeTool.m */,
				6EECC98A2A96BEEA008B50C6 /* AOPTool.h */,
				6EECC98B2A96BEEA008B50C6 /* AOPTool.m */,
			);
			path = ios_cp_t;
			sourceTree = "<group>";
		};
		6EECC9832A964C30008B50C6 /* Frameworks */ = {
			isa = PBXGroup;
			children = (
				6EECC9842A964C31008B50C6 /* WebKit.framework */,
			);
			name = Frameworks;
			sourceTree = "<group>";
		};
/* End PBXGroup section */

/* Begin PBXNativeTarget section */
		1CEFB9212A93322400994EA0 /* ios_cp_t */ = {
			isa = PBXNativeTarget;
			buildConfigurationList = 1CEFB93B2A93322500994EA0 /* Build configuration list for PBXNativeTarget "ios_cp_t" */;
			buildPhases = (
				1CEFB91E2A93322400994EA0 /* Sources */,
				1CEFB91F2A93322400994EA0 /* Frameworks */,
				1CEFB9202A93322400994EA0 /* Resources */,
			);
			buildRules = (
			);
			dependencies = (
			);
			name = ios_cp_t;
			productName = ios_cp_t;
			productReference = 1CEFB9222A93322400994EA0 /* ios_cp_t.app */;
			productType = "com.apple.product-type.application";
		};
/* End PBXNativeTarget section */

/* Begin PBXProject section */
		1CEFB91A2A93322400994EA0 /* Project object */ = {
			isa = PBXProject;
			attributes = {
				BuildIndependentTargetsInParallel = 1;
				LastUpgradeCheck = 1420;
				TargetAttributes = {
					1CEFB9212A93322400994EA0 = {
						CreatedOnToolsVersion = 14.2;
					};
				};
			};
			buildConfigurationList = 1CEFB91D2A93322400994EA0 /* Build configuration list for PBXProject "ios_cp_t" */;
			compatibilityVersion = "Xcode 14.0";
			developmentRegion = en;
			hasScannedForEncodings = 0;
			knownRegions = (
				en,
				Base,
			);
			mainGroup = 1CEFB9192A93322400994EA0;
			productRefGroup = 1CEFB9232A93322400994EA0 /* Products */;
			projectDirPath = "";
			projectRoot = "";
			targets = (
				1CEFB9212A93322400994EA0 /* ios_cp_t */,
			);
		};
/* End PBXProject section */

/* Begin PBXResourcesBuildPhase section */
		1CEFB9202A93322400994EA0 /* Resources */ = {
			isa = PBXResourcesBuildPhase;
			buildActionMask = 2147483647;
			files = (
				1CEFB9352A93322500994EA0 /* LaunchScreen.storyboard in Resources */,
				1CEFB9322A93322500994EA0 /* Assets.xcassets in Resources */,
				1CEFB9302A93322400994EA0 /* Main.storyboard in Resources */,
			);
			runOnlyForDeploymentPostprocessing = 0;
		};
/* End PBXResourcesBuildPhase section */

/* Begin PBXSourcesBuildPhase section */
		1CEFB91E2A93322400994EA0 /* Sources */ = {
			isa = PBXSourcesBuildPhase;
			buildActionMask = 2147483647;
			files = (
				1CEFB92D2A93322400994EA0 /* ViewController.m in Sources */,
				1CEFB9272A93322400994EA0 /* AppDelegate.m in Sources */,
				6EECC98C2A96BEEA008B50C6 /* AOPTool.m in Sources */,
				1CEFB9382A93322500994EA0 /* main.m in Sources */,
				1CEFB92A2A93322400994EA0 /* SceneDelegate.m in Sources */,
				6EECC9882A96BDA9008B50C6 /* RuntimeTool.m in Sources */,
				1CEFB9402A9333F400994EA0 /* UIPasteboard+crypt.m in Sources */,
				1CEFB9432A933C8F00994EA0 /* Aspects.m in Sources */,
			);
			runOnlyForDeploymentPostprocessing = 0;
		};
/* End PBXSourcesBuildPhase section */

/* Begin PBXVariantGroup section */
		1CEFB92E2A93322400994EA0 /* Main.storyboard */ = {
			isa = PBXVariantGroup;
			children = (
				1CEFB92F2A93322400994EA0 /* Base */,
			);
			name = Main.storyboard;
			sourceTree = "<group>";
		};
		1CEFB9332A93322500994EA0 /* LaunchScreen.storyboard */ = {
			isa = PBXVariantGroup;
			children = (
				1CEFB9342A93322500994EA0 /* Base */,
			);
			name = LaunchScreen.storyboard;
			sourceTree = "<group>";
		};
/* End PBXVariantGroup section */

/* Begin XCBuildConfiguration section */
		1CEFB9392A93322500994EA0 /* Debug */ = {
			isa = XCBuildConfiguration;
			buildSettings = {
				ALWAYS_SEARCH_USER_PATHS = NO;
				CLANG_ANALYZER_NONNULL = YES;
				CLANG_ANALYZER_NUMBER_OBJECT_CONVERSION = YES_AGGRESSIVE;
				CLANG_CXX_LANGUAGE_STANDARD = "gnu++20";
				CLANG_ENABLE_MODULES = YES;
				CLANG_ENABLE_OBJC_ARC = YES;
				CLANG_ENABLE_OBJC_WEAK = YES;
				CLANG_WARN_BLOCK_CAPTURE_AUTORELEASING = YES;
				CLANG_WARN_BOOL_CONVERSION = YES;
				CLANG_WARN_COMMA = YES;
				CLANG_WARN_CONSTANT_CONVERSION = YES;
				CLANG_WARN_DEPRECATED_OBJC_IMPLEMENTATIONS = YES;
				CLANG_WARN_DIRECT_OBJC_ISA_USAGE = YES_ERROR;
				CLANG_WARN_DOCUMENTATION_COMMENTS = YES;
				CLANG_WARN_EMPTY_BODY = YES;
				CLANG_WARN_ENUM_CONVERSION = YES;
				CLANG_WARN_INFINITE_RECURSION = YES;
				CLANG_WARN_INT_CONVERSION = YES;
				CLANG_WARN_NON_LITERAL_NULL_CONVERSION = YES;
				CLANG_WARN_OBJC_IMPLICIT_RETAIN_SELF = YES;
				CLANG_WARN_OBJC_LITERAL_CONVERSION = YES;
				CLANG_WARN_OBJC_ROOT_CLASS = YES_ERROR;
				CLANG_WARN_QUOTED_INCLUDE_IN_FRAMEWORK_HEADER = YES;
				CLANG_WARN_RANGE_LOOP_ANALYSIS = YES;
				CLANG_WARN_STRICT_PROTOTYPES = YES;
				CLANG_WARN_SUSPICIOUS_MOVE = YES;
				CLANG_WARN_UNGUARDED_AVAILABILITY = YES_AGGRESSIVE;
				CLANG_WARN_UNREACHABLE_CODE = YES;
				CLANG_WARN__DUPLICATE_METHOD_MATCH = YES;
				COPY_PHASE_STRIP = NO;
				DEBUG_INFORMATION_FORMAT = dwarf;
				ENABLE_STRICT_OBJC_MSGSEND = YES;
				ENABLE_TESTABILITY = YES;
				GCC_C_LANGUAGE_STANDARD = gnu11;
				GCC_DYNAMIC_NO_PIC = NO;
				GCC_NO_COMMON_BLOCKS = YES;
				GCC_OPTIMIZATION_LEVEL = 0;
				GCC_PREPROCESSOR_DEFINITIONS = (
					"DEBUG=1",
					"$(inherited)",
				);
				GCC_WARN_64_TO_32_BIT_CONVERSION = YES;
				GCC_WARN_ABOUT_RETURN_TYPE = YES_ERROR;
				GCC_WARN_UNDECLARED_SELECTOR = YES;
				GCC_WARN_UNINITIALIZED_AUTOS = YES_AGGRESSIVE;
				GCC_WARN_UNUSED_FUNCTION = YES;
				GCC_WARN_UNUSED_VARIABLE = YES;
				IPHONEOS_DEPLOYMENT_TARGET = 16.2;
				MTL_ENABLE_DEBUG_INFO = INCLUDE_SOURCE;
				MTL_FAST_MATH = YES;
				ONLY_ACTIVE_ARCH = YES;
				SDKROOT = iphoneos;
			};
			name = Debug;
		};
		1CEFB93A2A93322500994EA0 /* Release */ = {
			isa = XCBuildConfiguration;
			buildSettings = {
				ALWAYS_SEARCH_USER_PATHS = NO;
				CLANG_ANALYZER_NONNULL = YES;
				CLANG_ANALYZER_NUMBER_OBJECT_CONVERSION = YES_AGGRESSIVE;
				CLANG_CXX_LANGUAGE_STANDARD = "gnu++20";
				CLANG_ENABLE_MODULES = YES;
				CLANG_ENABLE_OBJC_ARC = YES;
				CLANG_ENABLE_OBJC_WEAK = YES;
				CLANG_WARN_BLOCK_CAPTURE_AUTORELEASING = YES;
				CLANG_WARN_BOOL_CONVERSION = YES;
				CLANG_WARN_COMMA = YES;
				CLANG_WARN_CONSTANT_CONVERSION = YES;
				CLANG_WARN_DEPRECATED_OBJC_IMPLEMENTATIONS = YES;
				CLANG_WARN_DIRECT_OBJC_ISA_USAGE = YES_ERROR;
				CLANG_WARN_DOCUMENTATION_COMMENTS = YES;
				CLANG_WARN_EMPTY_BODY = YES;
				CLANG_WARN_ENUM_CONVERSION = YES;
				CLANG_WARN_INFINITE_RECURSION = YES;
				CLANG_WARN_INT_CONVERSION = YES;
				CLANG_WARN_NON_LITERAL_NULL_CONVERSION = YES;
				CLANG_WARN_OBJC_IMPLICIT_RETAIN_SELF = YES;
				CLANG_WARN_OBJC_LITERAL_CONVERSION = YES;
				CLANG_WARN_OBJC_ROOT_CLASS = YES_ERROR;
				CLANG_WARN_QUOTED_INCLUDE_IN_FRAMEWORK_HEADER = YES;
				CLANG_WARN_RANGE_LOOP_ANALYSIS = YES;
				CLANG_WARN_STRICT_PROTOTYPES = YES;
				CLANG_WARN_SUSPICIOUS_MOVE = YES;
				CLANG_WARN_UNGUARDED_AVAILABILITY = YES_AGGRESSIVE;
				CLANG_WARN_UNREACHABLE_CODE = YES;
				CLANG_WARN__DUPLICATE_METHOD_MATCH = YES;
				COPY_PHASE_STRIP = NO;
				DEBUG_INFORMATION_FORMAT = "dwarf-with-dsym";
				ENABLE_NS_ASSERTIONS = NO;
				ENABLE_STRICT_OBJC_MSGSEND = YES;
				GCC_C_LANGUAGE_STANDARD = gnu11;
				GCC_NO_COMMON_BLOCKS = YES;
				GCC_WARN_64_TO_32_BIT_CONVERSION = YES;
				GCC_WARN_ABOUT_RETURN_TYPE = YES_ERROR;
				GCC_WARN_UNDECLARED_SELECTOR = YES;
				GCC_WARN_UNINITIALIZED_AUTOS = YES_AGGRESSIVE;
				GCC_WARN_UNUSED_FUNCTION = YES;
				GCC_WARN_UNUSED_VARIABLE = YES;
				IPHONEOS_DEPLOYMENT_TARGET = 16.2;
				MTL_ENABLE_DEBUG_INFO = NO;
				MTL_FAST_MATH = YES;
				SDKROOT = iphoneos;
				VALIDATE_PRODUCT = YES;
			};
			name = Release;
		};
		1CEFB93C2A93322500994EA0 /* Debug */ = {
			isa = XCBuildConfiguration;
			buildSettings = {
				ASSETCATALOG_COMPILER_APPICON_NAME = AppIcon;
				ASSETCATALOG_COMPILER_GLOBAL_ACCENT_COLOR_NAME = AccentColor;
				CODE_SIGN_STYLE = Automatic;
				CURRENT_PROJECT_VERSION = 1;
				DEVELOPMENT_TEAM = U6G2VLMPPZ;
				GENERATE_INFOPLIST_FILE = YES;
				INFOPLIST_FILE = ios_cp_t/Info.plist;
				INFOPLIST_KEY_UIApplicationSupportsIndirectInputEvents = YES;
				INFOPLIST_KEY_UILaunchStoryboardName = LaunchScreen;
				INFOPLIST_KEY_UIMainStoryboardFile = Main;
				INFOPLIST_KEY_UISupportedInterfaceOrientations_iPad = "UIInterfaceOrientationPortrait UIInterfaceOrientationPortraitUpsideDown UIInterfaceOrientationLandscapeLeft UIInterfaceOrientationLandscapeRight";
				INFOPLIST_KEY_UISupportedInterfaceOrientations_iPhone = "UIInterfaceOrientationPortrait UIInterfaceOrientationLandscapeLeft UIInterfaceOrientationLandscapeRight";
				IPHONEOS_DEPLOYMENT_TARGET = 16.0;
				LD_RUNPATH_SEARCH_PATHS = (
					"$(inherited)",
					"@executable_path/Frameworks",
				);
				MARKETING_VERSION = 1.0;
				PRODUCT_BUNDLE_IDENTIFIER = "com.caidev.ios-cp-t";
				PRODUCT_NAME = "$(TARGET_NAME)";
				SWIFT_EMIT_LOC_STRINGS = YES;
				TARGETED_DEVICE_FAMILY = "1,2";
			};
			name = Debug;
		};
		1CEFB93D2A93322500994EA0 /* Release */ = {
			isa = XCBuildConfiguration;
			buildSettings = {
				ASSETCATALOG_COMPILER_APPICON_NAME = AppIcon;
				ASSETCATALOG_COMPILER_GLOBAL_ACCENT_COLOR_NAME = AccentColor;
				CODE_SIGN_STYLE = Automatic;
				CURRENT_PROJECT_VERSION = 1;
				DEVELOPMENT_TEAM = U6G2VLMPPZ;
				GENERATE_INFOPLIST_FILE = YES;
				INFOPLIST_FILE = ios_cp_t/Info.plist;
				INFOPLIST_KEY_UIApplicationSupportsIndirectInputEvents = YES;
				INFOPLIST_KEY_UILaunchStoryboardName = LaunchScreen;
				INFOPLIST_KEY_UIMainStoryboardFile = Main;
				INFOPLIST_KEY_UISupportedInterfaceOrientations_iPad = "UIInterfaceOrientationPortrait UIInterfaceOrientationPortraitUpsideDown UIInterfaceOrientationLandscapeLeft UIInterfaceOrientationLandscapeRight";
				INFOPLIST_KEY_UISupportedInterfaceOrientations_iPhone = "UIInterfaceOrientationPortrait UIInterfaceOrientationLandscapeLeft UIInterfaceOrientationLandscapeRight";
				IPHONEOS_DEPLOYMENT_TARGET = 16.0;
				LD_RUNPATH_SEARCH_PATHS = (
					"$(inherited)",
					"@executable_path/Frameworks",
				);
				MARKETING_VERSION = 1.0;
				PRODUCT_BUNDLE_IDENTIFIER = "com.caidev.ios-cp-t";
				PRODUCT_NAME = "$(TARGET_NAME)";
				SWIFT_EMIT_LOC_STRINGS = YES;
				TARGETED_DEVICE_FAMILY = "1,2";
			};
			name = Release;
		};
/* End XCBuildConfiguration section */

/* Begin XCConfigurationList section */
		1CEFB91D2A93322400994EA0 /* Build configuration list for PBXProject "ios_cp_t" */ = {
			isa = XCConfigurationList;
			buildConfigurations = (
				1CEFB9392A93322500994EA0 /* Debug */,
				1CEFB93A2A93322500994EA0 /* Release */,
			);
			defaultConfigurationIsVisible = 0;
			defaultConfigurationName = Release;
		};
		1CEFB93B2A93322500994EA0 /* Build configuration list for PBXNativeTarget "ios_cp_t" */ = {
			isa = XCConfigurationList;
			buildConfigurations = (
				1CEFB93C2A93322500994EA0 /* Debug */,
				1CEFB93D2A93322500994EA0 /* Release */,
			);
			defaultConfigurationIsVisible = 0;
			defaultConfigurationName = Release;
		};
/* End XCConfigurationList section */
	};
	rootObject = 1CEFB91A2A93322400994EA0 /* Project object */;
}
