// !$*UTF8*$!
{
	archiveVersion = 1;
	classes = {
	};
	objectVersion = 56;
	objects = {

/* Begin PBXBuildFile section */
		6E3A4F732AC5AC720019902D /* AppDelegate.swift in Sources */ = {isa = PBXBuildFile; fileRef = 6E3A4F722AC5AC720019902D /* AppDelegate.swift */; };
		6E3A4F752AC5AC720019902D /* SceneDelegate.swift in Sources */ = {isa = PBXBuildFile; fileRef = 6E3A4F742AC5AC720019902D /* SceneDelegate.swift */; };
		6E3A4F772AC5AC720019902D /* ViewController.swift in Sources */ = {isa = PBXBuildFile; fileRef = 6E3A4F762AC5AC720019902D /* ViewController.swift */; };
		6E3A4F7A2AC5AC720019902D /* Main.storyboard in Resources */ = {isa = PBXBuildFile; fileRef = 6E3A4F782AC5AC720019902D /* Main.storyboard */; };
		6E3A4F7C2AC5AC730019902D /* Assets.xcassets in Resources */ = {isa = PBXBuildFile; fileRef = 6E3A4F7B2AC5AC730019902D /* Assets.xcassets */; };
		6E3A4F7F2AC5AC730019902D /* LaunchScreen.storyboard in Resources */ = {isa = PBXBuildFile; fileRef = 6E3A4F7D2AC5AC730019902D /* LaunchScreen.storyboard */; };
		6E3A4F8A2AC5AC740019902D /* eeTests.swift in Sources */ = {isa = PBXBuildFile; fileRef = 6E3A4F892AC5AC740019902D /* eeTests.swift */; };
		6E3A4F942AC5AC740019902D /* eeUITests.swift in Sources */ = {isa = PBXBuildFile; fileRef = 6E3A4F932AC5AC740019902D /* eeUITests.swift */; };
		6E3A4F962AC5AC740019902D /* eeUITestsLaunchTests.swift in Sources */ = {isa = PBXBuildFile; fileRef = 6E3A4F952AC5AC740019902D /* eeUITestsLaunchTests.swift */; };
/* End PBXBuildFile section */

/* Begin PBXContainerItemProxy section */
		6E3A4F862AC5AC740019902D /* PBXContainerItemProxy */ = {
			isa = PBXContainerItemProxy;
			containerPortal = 6E3A4F672AC5AC720019902D /* Project object */;
			proxyType = 1;
			remoteGlobalIDString = 6E3A4F6E2AC5AC720019902D;
			remoteInfo = ee;
		};
		6E3A4F902AC5AC740019902D /* PBXContainerItemProxy */ = {
			isa = PBXContainerItemProxy;
			containerPortal = 6E3A4F672AC5AC720019902D /* Project object */;
			proxyType = 1;
			remoteGlobalIDString = 6E3A4F6E2AC5AC720019902D;
			remoteInfo = ee;
		};
/* End PBXContainerItemProxy section */

/* Begin PBXFileReference section */
		6E3A4F6F2AC5AC720019902D /* ee.app */ = {isa = PBXFileReference; explicitFileType = wrapper.application; includeInIndex = 0; path = ee.app; sourceTree = BUILT_PRODUCTS_DIR; };
		6E3A4F722AC5AC720019902D /* AppDelegate.swift */ = {isa = PBXFileReference; lastKnownFileType = sourcecode.swift; path = AppDelegate.swift; sourceTree = "<group>"; };
		6E3A4F742AC5AC720019902D /* SceneDelegate.swift */ = {isa = PBXFileReference; lastKnownFileType = sourcecode.swift; path = SceneDelegate.swift; sourceTree = "<group>"; };
		6E3A4F762AC5AC720019902D /* ViewController.swift */ = {isa = PBXFileReference; lastKnownFileType = sourcecode.swift; path = ViewController.swift; sourceTree = "<group>"; };
		6E3A4F792AC5AC720019902D /* Base */ = {isa = PBXFileReference; lastKnownFileType = file.storyboard; name = Base; path = Base.lproj/Main.storyboard; sourceTree = "<group>"; };
		6E3A4F7B2AC5AC730019902D /* Assets.xcassets */ = {isa = PBXFileReference; lastKnownFileType = folder.assetcatalog; path = Assets.xcassets; sourceTree = "<group>"; };
		6E3A4F7E2AC5AC730019902D /* Base */ = {isa = PBXFileReference; lastKnownFileType = file.storyboard; name = Base; path = Base.lproj/LaunchScreen.storyboard; sourceTree = "<group>"; };
		6E3A4F802AC5AC730019902D /* Info.plist */ = {isa = PBXFileReference; lastKnownFileType = text.plist.xml; path = Info.plist; sourceTree = "<group>"; };
		6E3A4F852AC5AC740019902D /* eeTests.xctest */ = {isa = PBXFileReference; explicitFileType = wrapper.cfbundle; includeInIndex = 0; path = eeTests.xctest; sourceTree = BUILT_PRODUCTS_DIR; };
		6E3A4F892AC5AC740019902D /* eeTests.swift */ = {isa = PBXFileReference; lastKnownFileType = sourcecode.swift; path = eeTests.swift; sourceTree = "<group>"; };
		6E3A4F8F2AC5AC740019902D /* eeUITests.xctest */ = {isa = PBXFileReference; explicitFileType = wrapper.cfbundle; includeInIndex = 0; path = eeUITests.xctest; sourceTree = BUILT_PRODUCTS_DIR; };
		6E3A4F932AC5AC740019902D /* eeUITests.swift */ = {isa = PBXFileReference; lastKnownFileType = sourcecode.swift; path = eeUITests.swift; sourceTree = "<group>"; };
		6E3A4F952AC5AC740019902D /* eeUITestsLaunchTests.swift */ = {isa = PBXFileReference; lastKnownFileType = sourcecode.swift; path = eeUITestsLaunchTests.swift; sourceTree = "<group>"; };
/* End PBXFileReference section */

/* Begin PBXFrameworksBuildPhase section */
		6E3A4F6C2AC5AC720019902D /* Frameworks */ = {
			isa = PBXFrameworksBuildPhase;
			buildActionMask = 2147483647;
			files = (
			);
			runOnlyForDeploymentPostprocessing = 0;
		};
		6E3A4F822AC5AC740019902D /* Frameworks */ = {
			isa = PBXFrameworksBuildPhase;
			buildActionMask = 2147483647;
			files = (
			);
			runOnlyForDeploymentPostprocessing = 0;
		};
		6E3A4F8C2AC5AC740019902D /* Frameworks */ = {
			isa = PBXFrameworksBuildPhase;
			buildActionMask = 2147483647;
			files = (
			);
			runOnlyForDeploymentPostprocessing = 0;
		};
/* End PBXFrameworksBuildPhase section */

/* Begin PBXGroup section */
		6E3A4F662AC5AC720019902D = {
			isa = PBXGroup;
			children = (
				6E3A4F712AC5AC720019902D /* ee */,
				6E3A4F882AC5AC740019902D /* eeTests */,
				6E3A4F922AC5AC740019902D /* eeUITests */,
				6E3A4F702AC5AC720019902D /* Products */,
			);
			sourceTree = "<group>";
		};
		6E3A4F702AC5AC720019902D /* Products */ = {
			isa = PBXGroup;
			children = (
				6E3A4F6F2AC5AC720019902D /* ee.app */,
				6E3A4F852AC5AC740019902D /* eeTests.xctest */,
				6E3A4F8F2AC5AC740019902D /* eeUITests.xctest */,
			);
			name = Products;
			sourceTree = "<group>";
		};
		6E3A4F712AC5AC720019902D /* ee */ = {
			isa = PBXGroup;
			children = (
				6E3A4F722AC5AC720019902D /* AppDelegate.swift */,
				6E3A4F742AC5AC720019902D /* SceneDelegate.swift */,
				6E3A4F762AC5AC720019902D /* ViewController.swift */,
				6E3A4F782AC5AC720019902D /* Main.storyboard */,
				6E3A4F7B2AC5AC730019902D /* Assets.xcassets */,
				6E3A4F7D2AC5AC730019902D /* LaunchScreen.storyboard */,
				6E3A4F802AC5AC730019902D /* Info.plist */,
			);
			path = ee;
			sourceTree = "<group>";
		};
		6E3A4F882AC5AC740019902D /* eeTests */ = {
			isa = PBXGroup;
			children = (
				6E3A4F892AC5AC740019902D /* eeTests.swift */,
			);
			path = eeTests;
			sourceTree = "<group>";
		};
		6E3A4F922AC5AC740019902D /* eeUITests */ = {
			isa = PBXGroup;
			children = (
				6E3A4F932AC5AC740019902D /* eeUITests.swift */,
				6E3A4F952AC5AC740019902D /* eeUITestsLaunchTests.swift */,
			);
			path = eeUITests;
			sourceTree = "<group>";
		};
/* End PBXGroup section */

/* Begin PBXNativeTarget section */
		6E3A4F6E2AC5AC720019902D /* ee */ = {
			isa = PBXNativeTarget;
			buildConfigurationList = 6E3A4F992AC5AC740019902D /* Build configuration list for PBXNativeTarget "ee" */;
			buildPhases = (
				6E3A4F6B2AC5AC720019902D /* Sources */,
				6E3A4F6C2AC5AC720019902D /* Frameworks */,
				6E3A4F6D2AC5AC720019902D /* Resources */,
			);
			buildRules = (
			);
			dependencies = (
			);
			name = ee;
			productName = ee;
			productReference = 6E3A4F6F2AC5AC720019902D /* ee.app */;
			productType = "com.apple.product-type.application";
		};
		6E3A4F842AC5AC740019902D /* eeTests */ = {
			isa = PBXNativeTarget;
			buildConfigurationList = 6E3A4F9C2AC5AC740019902D /* Build configuration list for PBXNativeTarget "eeTests" */;
			buildPhases = (
				6E3A4F812AC5AC740019902D /* Sources */,
				6E3A4F822AC5AC740019902D /* Frameworks */,
				6E3A4F832AC5AC740019902D /* Resources */,
			);
			buildRules = (
			);
			dependencies = (
				6E3A4F872AC5AC740019902D /* PBXTargetDependency */,
			);
			name = eeTests;
			productName = eeTests;
			productReference = 6E3A4F852AC5AC740019902D /* eeTests.xctest */;
			productType = "com.apple.product-type.bundle.unit-test";
		};
		6E3A4F8E2AC5AC740019902D /* eeUITests */ = {
			isa = PBXNativeTarget;
			buildConfigurationList = 6E3A4F9F2AC5AC740019902D /* Build configuration list for PBXNativeTarget "eeUITests" */;
			buildPhases = (
				6E3A4F8B2AC5AC740019902D /* Sources */,
				6E3A4F8C2AC5AC740019902D /* Frameworks */,
				6E3A4F8D2AC5AC740019902D /* Resources */,
			);
			buildRules = (
			);
			dependencies = (
				6E3A4F912AC5AC740019902D /* PBXTargetDependency */,
			);
			name = eeUITests;
			productName = eeUITests;
			productReference = 6E3A4F8F2AC5AC740019902D /* eeUITests.xctest */;
			productType = "com.apple.product-type.bundle.ui-testing";
		};
/* End PBXNativeTarget section */

/* Begin PBXProject section */
		6E3A4F672AC5AC720019902D /* Project object */ = {
			isa = PBXProject;
			attributes = {
				BuildIndependentTargetsInParallel = 1;
				LastSwiftUpdateCheck = 1500;
				LastUpgradeCheck = 1500;
				TargetAttributes = {
					6E3A4F6E2AC5AC720019902D = {
						CreatedOnToolsVersion = 15.0;
					};
					6E3A4F842AC5AC740019902D = {
						CreatedOnToolsVersion = 15.0;
						TestTargetID = 6E3A4F6E2AC5AC720019902D;
					};
					6E3A4F8E2AC5AC740019902D = {
						CreatedOnToolsVersion = 15.0;
						TestTargetID = 6E3A4F6E2AC5AC720019902D;
					};
				};
			};
			buildConfigurationList = 6E3A4F6A2AC5AC720019902D /* Build configuration list for PBXProject "ee" */;
			compatibilityVersion = "Xcode 14.0";
			developmentRegion = en;
			hasScannedForEncodings = 0;
			knownRegions = (
				en,
				Base,
			);
			mainGroup = 6E3A4F662AC5AC720019902D;
			productRefGroup = 6E3A4F702AC5AC720019902D /* Products */;
			projectDirPath = "";
			projectRoot = "";
			targets = (
				6E3A4F6E2AC5AC720019902D /* ee */,
				6E3A4F842AC5AC740019902D /* eeTests */,
				6E3A4F8E2AC5AC740019902D /* eeUITests */,
			);
		};
/* End PBXProject section */

/* Begin PBXResourcesBuildPhase section */
		6E3A4F6D2AC5AC720019902D /* Resources */ = {
			isa = PBXResourcesBuildPhase;
			buildActionMask = 2147483647;
			files = (
				6E3A4F7F2AC5AC730019902D /* LaunchScreen.storyboard in Resources */,
				6E3A4F7C2AC5AC730019902D /* Assets.xcassets in Resources */,
				6E3A4F7A2AC5AC720019902D /* Main.storyboard in Resources */,
			);
			runOnlyForDeploymentPostprocessing = 0;
		};
		6E3A4F832AC5AC740019902D /* Resources */ = {
			isa = PBXResourcesBuildPhase;
			buildActionMask = 2147483647;
			files = (
			);
			runOnlyForDeploymentPostprocessing = 0;
		};
		6E3A4F8D2AC5AC740019902D /* Resources */ = {
			isa = PBXResourcesBuildPhase;
			buildActionMask = 2147483647;
			files = (
			);
			runOnlyForDeploymentPostprocessing = 0;
		};
/* End PBXResourcesBuildPhase section */

/* Begin PBXSourcesBuildPhase section */
		6E3A4F6B2AC5AC720019902D /* Sources */ = {
			isa = PBXSourcesBuildPhase;
			buildActionMask = 2147483647;
			files = (
				6E3A4F772AC5AC720019902D /* ViewController.swift in Sources */,
				6E3A4F732AC5AC720019902D /* AppDelegate.swift in Sources */,
				6E3A4F752AC5AC720019902D /* SceneDelegate.swift in Sources */,
			);
			runOnlyForDeploymentPostprocessing = 0;
		};
		6E3A4F812AC5AC740019902D /* Sources */ = {
			isa = PBXSourcesBuildPhase;
			buildActionMask = 2147483647;
			files = (
				6E3A4F8A2AC5AC740019902D /* eeTests.swift in Sources */,
			);
			runOnlyForDeploymentPostprocessing = 0;
		};
		6E3A4F8B2AC5AC740019902D /* Sources */ = {
			isa = PBXSourcesBuildPhase;
			buildActionMask = 2147483647;
			files = (
				6E3A4F962AC5AC740019902D /* eeUITestsLaunchTests.swift in Sources */,
				6E3A4F942AC5AC740019902D /* eeUITests.swift in Sources */,
			);
			runOnlyForDeploymentPostprocessing = 0;
		};
/* End PBXSourcesBuildPhase section */

/* Begin PBXTargetDependency section */
		6E3A4F872AC5AC740019902D /* PBXTargetDependency */ = {
			isa = PBXTargetDependency;
			target = 6E3A4F6E2AC5AC720019902D /* ee */;
			targetProxy = 6E3A4F862AC5AC740019902D /* PBXContainerItemProxy */;
		};
		6E3A4F912AC5AC740019902D /* PBXTargetDependency */ = {
			isa = PBXTargetDependency;
			target = 6E3A4F6E2AC5AC720019902D /* ee */;
			targetProxy = 6E3A4F902AC5AC740019902D /* PBXContainerItemProxy */;
		};
/* End PBXTargetDependency section */

/* Begin PBXVariantGroup section */
		6E3A4F782AC5AC720019902D /* Main.storyboard */ = {
			isa = PBXVariantGroup;
			children = (
				6E3A4F792AC5AC720019902D /* Base */,
			);
			name = Main.storyboard;
			sourceTree = "<group>";
		};
		6E3A4F7D2AC5AC730019902D /* LaunchScreen.storyboard */ = {
			isa = PBXVariantGroup;
			children = (
				6E3A4F7E2AC5AC730019902D /* Base */,
			);
			name = LaunchScreen.storyboard;
			sourceTree = "<group>";
		};
/* End PBXVariantGroup section */

/* Begin XCBuildConfiguration section */
		6E3A4F972AC5AC740019902D /* Debug */ = {
			isa = XCBuildConfiguration;
			buildSettings = {
				ALWAYS_SEARCH_USER_PATHS = NO;
				ASSETCATALOG_COMPILER_GENERATE_SWIFT_ASSET_SYMBOL_EXTENSIONS = YES;
				CLANG_ANALYZER_NONNULL = YES;
				CLANG_ANALYZER_NUMBER_OBJECT_CONVERSION = YES_AGGRESSIVE;
				CLANG_CXX_LANGUAGE_STANDARD = "gnu++20";
				CLANG_ENABLE_MODULES = YES;
				CLANG_ENABLE_OBJC_ARC = YES;
				CLANG_ENABLE_OBJC_WEAK = YES;
				CLANG_WARN_BLOCK_CAPTURE_AUTORELEASING = YES;
				CLANG_WARN_BOOL_CONVERSION = YES;
				CLANG_WARN_COMMA = YES;
				CLANG_WARN_CONSTANT_CONVERSION = YES;
				CLANG_WARN_DEPRECATED_OBJC_IMPLEMENTATIONS = YES;
				CLANG_WARN_DIRECT_OBJC_ISA_USAGE = YES_ERROR;
				CLANG_WARN_DOCUMENTATION_COMMENTS = YES;
				CLANG_WARN_EMPTY_BODY = YES;
				CLANG_WARN_ENUM_CONVERSION = YES;
				CLANG_WARN_INFINITE_RECURSION = YES;
				CLANG_WARN_INT_CONVERSION = YES;
				CLANG_WARN_NON_LITERAL_NULL_CONVERSION = YES;
				CLANG_WARN_OBJC_IMPLICIT_RETAIN_SELF = YES;
				CLANG_WARN_OBJC_LITERAL_CONVERSION = YES;
				CLANG_WARN_OBJC_ROOT_CLASS = YES_ERROR;
				CLANG_WARN_QUOTED_INCLUDE_IN_FRAMEWORK_HEADER = YES;
				CLANG_WARN_RANGE_LOOP_ANALYSIS = YES;
				CLANG_WARN_STRICT_PROTOTYPES = YES;
				CLANG_WARN_SUSPICIOUS_MOVE = YES;
				CLANG_WARN_UNGUARDED_AVAILABILITY = YES_AGGRESSIVE;
				CLANG_WARN_UNREACHABLE_CODE = YES;
				CLANG_WARN__DUPLICATE_METHOD_MATCH = YES;
				COPY_PHASE_STRIP = NO;
				DEBUG_INFORMATION_FORMAT = dwarf;
				ENABLE_STRICT_OBJC_MSGSEND = YES;
				ENABLE_TESTABILITY = YES;
				ENABLE_USER_SCRIPT_SANDBOXING = YES;
				GCC_C_LANGUAGE_STANDARD = gnu17;
				GCC_DYNAMIC_NO_PIC = NO;
				GCC_NO_COMMON_BLOCKS = YES;
				GCC_OPTIMIZATION_LEVEL = 0;
				GCC_PREPROCESSOR_DEFINITIONS = (
					"DEBUG=1",
					"$(inherited)",
				);
				GCC_WARN_64_TO_32_BIT_CONVERSION = YES;
				GCC_WARN_ABOUT_RETURN_TYPE = YES_ERROR;
				GCC_WARN_UNDECLARED_SELECTOR = YES;
				GCC_WARN_UNINITIALIZED_AUTOS = YES_AGGRESSIVE;
				GCC_WARN_UNUSED_FUNCTION = YES;
				GCC_WARN_UNUSED_VARIABLE = YES;
				IPHONEOS_DEPLOYMENT_TARGET = 17.0;
				LOCALIZATION_PREFERS_STRING_CATALOGS = YES;
				MTL_ENABLE_DEBUG_INFO = INCLUDE_SOURCE;
				MTL_FAST_MATH = YES;
				ONLY_ACTIVE_ARCH = YES;
				SDKROOT = iphoneos;
				SWIFT_ACTIVE_COMPILATION_CONDITIONS = "DEBUG $(inherited)";
				SWIFT_OPTIMIZATION_LEVEL = "-Onone";
			};
			name = Debug;
		};
		6E3A4F982AC5AC740019902D /* Release */ = {
			isa = XCBuildConfiguration;
			buildSettings = {
				ALWAYS_SEARCH_USER_PATHS = NO;
				ASSETCATALOG_COMPILER_GENERATE_SWIFT_ASSET_SYMBOL_EXTENSIONS = YES;
				CLANG_ANALYZER_NONNULL = YES;
				CLANG_ANALYZER_NUMBER_OBJECT_CONVERSION = YES_AGGRESSIVE;
				CLANG_CXX_LANGUAGE_STANDARD = "gnu++20";
				CLANG_ENABLE_MODULES = YES;
				CLANG_ENABLE_OBJC_ARC = YES;
				CLANG_ENABLE_OBJC_WEAK = YES;
				CLANG_WARN_BLOCK_CAPTURE_AUTORELEASING = YES;
				CLANG_WARN_BOOL_CONVERSION = YES;
				CLANG_WARN_COMMA = YES;
				CLANG_WARN_CONSTANT_CONVERSION = YES;
				CLANG_WARN_DEPRECATED_OBJC_IMPLEMENTATIONS = YES;
				CLANG_WARN_DIRECT_OBJC_ISA_USAGE = YES_ERROR;
				CLANG_WARN_DOCUMENTATION_COMMENTS = YES;
				CLANG_WARN_EMPTY_BODY = YES;
				CLANG_WARN_ENUM_CONVERSION = YES;
				CLANG_WARN_INFINITE_RECURSION = YES;
				CLANG_WARN_INT_CONVERSION = YES;
				CLANG_WARN_NON_LITERAL_NULL_CONVERSION = YES;
				CLANG_WARN_OBJC_IMPLICIT_RETAIN_SELF = YES;
				CLANG_WARN_OBJC_LITERAL_CONVERSION = YES;
				CLANG_WARN_OBJC_ROOT_CLASS = YES_ERROR;
				CLANG_WARN_QUOTED_INCLUDE_IN_FRAMEWORK_HEADER = YES;
				CLANG_WARN_RANGE_LOOP_ANALYSIS = YES;
				CLANG_WARN_STRICT_PROTOTYPES = YES;
				CLANG_WARN_SUSPICIOUS_MOVE = YES;
				CLANG_WARN_UNGUARDED_AVAILABILITY = YES_AGGRESSIVE;
				CLANG_WARN_UNREACHABLE_CODE = YES;
				CLANG_WARN__DUPLICATE_METHOD_MATCH = YES;
				COPY_PHASE_STRIP = NO;
				DEBUG_INFORMATION_FORMAT = "dwarf-with-dsym";
				ENABLE_NS_ASSERTIONS = NO;
				ENABLE_STRICT_OBJC_MSGSEND = YES;
				ENABLE_USER_SCRIPT_SANDBOXING = YES;
				GCC_C_LANGUAGE_STANDARD = gnu17;
				GCC_NO_COMMON_BLOCKS = YES;
				GCC_WARN_64_TO_32_BIT_CONVERSION = YES;
				GCC_WARN_ABOUT_RETURN_TYPE = YES_ERROR;
				GCC_WARN_UNDECLARED_SELECTOR = YES;
				GCC_WARN_UNINITIALIZED_AUTOS = YES_AGGRESSIVE;
				GCC_WARN_UNUSED_FUNCTION = YES;
				GCC_WARN_UNUSED_VARIABLE = YES;
				IPHONEOS_DEPLOYMENT_TARGET = 17.0;
				LOCALIZATION_PREFERS_STRING_CATALOGS = YES;
				MTL_ENABLE_DEBUG_INFO = NO;
				MTL_FAST_MATH = YES;
				SDKROOT = iphoneos;
				SWIFT_COMPILATION_MODE = wholemodule;
				VALIDATE_PRODUCT = YES;
			};
			name = Release;
		};
		6E3A4F9A2AC5AC740019902D /* Debug */ = {
			isa = XCBuildConfiguration;
			buildSettings = {
				ASSETCATALOG_COMPILER_APPICON_NAME = AppIcon;
				ASSETCATALOG_COMPILER_GLOBAL_ACCENT_COLOR_NAME = AccentColor;
				CODE_SIGN_STYLE = Automatic;
				CURRENT_PROJECT_VERSION = 1;
				DEVELOPMENT_TEAM = 4KDWBQAQFX;
				GENERATE_INFOPLIST_FILE = YES;
				INFOPLIST_FILE = ee/Info.plist;
				INFOPLIST_KEY_UIApplicationSupportsIndirectInputEvents = YES;
				INFOPLIST_KEY_UILaunchStoryboardName = LaunchScreen;
				INFOPLIST_KEY_UIMainStoryboardFile = Main;
				INFOPLIST_KEY_UISupportedInterfaceOrientations_iPad = "UIInterfaceOrientationPortrait UIInterfaceOrientationPortraitUpsideDown UIInterfaceOrientationLandscapeLeft UIInterfaceOrientationLandscapeRight";
				INFOPLIST_KEY_UISupportedInterfaceOrientations_iPhone = "UIInterfaceOrientationPortrait UIInterfaceOrientationLandscapeLeft UIInterfaceOrientationLandscapeRight";
				LD_RUNPATH_SEARCH_PATHS = (
					"$(inherited)",
					"@executable_path/Frameworks",
				);
				MARKETING_VERSION = 1.0;
				PRODUCT_BUNDLE_IDENTIFIER = com.caidev.ee;
				PRODUCT_NAME = "$(TARGET_NAME)";
				SWIFT_EMIT_LOC_STRINGS = YES;
				SWIFT_VERSION = 5.0;
				TARGETED_DEVICE_FAMILY = "1,2";
			};
			name = Debug;
		};
		6E3A4F9B2AC5AC740019902D /* Release */ = {
			isa = XCBuildConfiguration;
			buildSettings = {
				ASSETCATALOG_COMPILER_APPICON_NAME = AppIcon;
				ASSETCATALOG_COMPILER_GLOBAL_ACCENT_COLOR_NAME = AccentColor;
				CODE_SIGN_STYLE = Automatic;
				CURRENT_PROJECT_VERSION = 1;
				DEVELOPMENT_TEAM = 4KDWBQAQFX;
				GENERATE_INFOPLIST_FILE = YES;
				INFOPLIST_FILE = ee/Info.plist;
				INFOPLIST_KEY_UIApplicationSupportsIndirectInputEvents = YES;
				INFOPLIST_KEY_UILaunchStoryboardName = LaunchScreen;
				INFOPLIST_KEY_UIMainStoryboardFile = Main;
				INFOPLIST_KEY_UISupportedInterfaceOrientations_iPad = "UIInterfaceOrientationPortrait UIInterfaceOrientationPortraitUpsideDown UIInterfaceOrientationLandscapeLeft UIInterfaceOrientationLandscapeRight";
				INFOPLIST_KEY_UISupportedInterfaceOrientations_iPhone = "UIInterfaceOrientationPortrait UIInterfaceOrientationLandscapeLeft UIInterfaceOrientationLandscapeRight";
				LD_RUNPATH_SEARCH_PATHS = (
					"$(inherited)",
					"@executable_path/Frameworks",
				);
				MARKETING_VERSION = 1.0;
				PRODUCT_BUNDLE_IDENTIFIER = com.caidev.ee;
				PRODUCT_NAME = "$(TARGET_NAME)";
				SWIFT_EMIT_LOC_STRINGS = YES;
				SWIFT_VERSION = 5.0;
				TARGETED_DEVICE_FAMILY = "1,2";
			};
			name = Release;
		};
		6E3A4F9D2AC5AC740019902D /* Debug */ = {
			isa = XCBuildConfiguration;
			buildSettings = {
				ALWAYS_EMBED_SWIFT_STANDARD_LIBRARIES = YES;
				BUNDLE_LOADER = "$(TEST_HOST)";
				CODE_SIGN_STYLE = Automatic;
				CURRENT_PROJECT_VERSION = 1;
				DEVELOPMENT_TEAM = 4KDWBQAQFX;
				GENERATE_INFOPLIST_FILE = YES;
				IPHONEOS_DEPLOYMENT_TARGET = 17.0;
				MARKETING_VERSION = 1.0;
				PRODUCT_BUNDLE_IDENTIFIER = com.caidev.eeTests;
				PRODUCT_NAME = "$(TARGET_NAME)";
				SWIFT_EMIT_LOC_STRINGS = NO;
				SWIFT_VERSION = 5.0;
				TARGETED_DEVICE_FAMILY = "1,2";
				TEST_HOST = "$(BUILT_PRODUCTS_DIR)/ee.app/$(BUNDLE_EXECUTABLE_FOLDER_PATH)/ee";
			};
			name = Debug;
		};
		6E3A4F9E2AC5AC740019902D /* Release */ = {
			isa = XCBuildConfiguration;
			buildSettings = {
				ALWAYS_EMBED_SWIFT_STANDARD_LIBRARIES = YES;
				BUNDLE_LOADER = "$(TEST_HOST)";
				CODE_SIGN_STYLE = Automatic;
				CURRENT_PROJECT_VERSION = 1;
				DEVELOPMENT_TEAM = 4KDWBQAQFX;
				GENERATE_INFOPLIST_FILE = YES;
				IPHONEOS_DEPLOYMENT_TARGET = 17.0;
				MARKETING_VERSION = 1.0;
				PRODUCT_BUNDLE_IDENTIFIER = com.caidev.eeTests;
				PRODUCT_NAME = "$(TARGET_NAME)";
				SWIFT_EMIT_LOC_STRINGS = NO;
				SWIFT_VERSION = 5.0;
				TARGETED_DEVICE_FAMILY = "1,2";
				TEST_HOST = "$(BUILT_PRODUCTS_DIR)/ee.app/$(BUNDLE_EXECUTABLE_FOLDER_PATH)/ee";
			};
			name = Release;
		};
		6E3A4FA02AC5AC740019902D /* Debug */ = {
			isa = XCBuildConfiguration;
			buildSettings = {
				ALWAYS_EMBED_SWIFT_STANDARD_LIBRARIES = YES;
				CODE_SIGN_STYLE = Automatic;
				CURRENT_PROJECT_VERSION = 1;
				DEVELOPMENT_TEAM = 4KDWBQAQFX;
				GENERATE_INFOPLIST_FILE = YES;
				MARKETING_VERSION = 1.0;
				PRODUCT_BUNDLE_IDENTIFIER = com.caidev.eeUITests;
				PRODUCT_NAME = "$(TARGET_NAME)";
				SWIFT_EMIT_LOC_STRINGS = NO;
				SWIFT_VERSION = 5.0;
				TARGETED_DEVICE_FAMILY = "1,2";
				TEST_TARGET_NAME = ee;
			};
			name = Debug;
		};
		6E3A4FA12AC5AC740019902D /* Release */ = {
			isa = XCBuildConfiguration;
			buildSettings = {
				ALWAYS_EMBED_SWIFT_STANDARD_LIBRARIES = YES;
				CODE_SIGN_STYLE = Automatic;
				CURRENT_PROJECT_VERSION = 1;
				DEVELOPMENT_TEAM = 4KDWBQAQFX;
				GENERATE_INFOPLIST_FILE = YES;
				MARKETING_VERSION = 1.0;
				PRODUCT_BUNDLE_IDENTIFIER = com.caidev.eeUITests;
				PRODUCT_NAME = "$(TARGET_NAME)";
				SWIFT_EMIT_LOC_STRINGS = NO;
				SWIFT_VERSION = 5.0;
				TARGETED_DEVICE_FAMILY = "1,2";
				TEST_TARGET_NAME = ee;
			};
			name = Release;
		};
/* End XCBuildConfiguration section */

/* Begin XCConfigurationList section */
		6E3A4F6A2AC5AC720019902D /* Build configuration list for PBXProject "ee" */ = {
			isa = XCConfigurationList;
			buildConfigurations = (
				6E3A4F972AC5AC740019902D /* Debug */,
				6E3A4F982AC5AC740019902D /* Release */,
			);
			defaultConfigurationIsVisible = 0;
			defaultConfigurationName = Release;
		};
		6E3A4F992AC5AC740019902D /* Build configuration list for PBXNativeTarget "ee" */ = {
			isa = XCConfigurationList;
			buildConfigurations = (
				6E3A4F9A2AC5AC740019902D /* Debug */,
				6E3A4F9B2AC5AC740019902D /* Release */,
			);
			defaultConfigurationIsVisible = 0;
			defaultConfigurationName = Release;
		};
		6E3A4F9C2AC5AC740019902D /* Build configuration list for PBXNativeTarget "eeTests" */ = {
			isa = XCConfigurationList;
			buildConfigurations = (
				6E3A4F9D2AC5AC740019902D /* Debug */,
				6E3A4F9E2AC5AC740019902D /* Release */,
			);
			defaultConfigurationIsVisible = 0;
			defaultConfigurationName = Release;
		};
		6E3A4F9F2AC5AC740019902D /* Build configuration list for PBXNativeTarget "eeUITests" */ = {
			isa = XCConfigurationList;
			buildConfigurations = (
				6E3A4FA02AC5AC740019902D /* Debug */,
				6E3A4FA12AC5AC740019902D /* Release */,
			);
			defaultConfigurationIsVisible = 0;
			defaultConfigurationName = Release;
		};
/* End XCConfigurationList section */
	};
	rootObject = 6E3A4F672AC5AC720019902D /* Project object */;
}
