// !$*UTF8*$!
{
	archiveVersion = 1;
	classes = {
	};
	objectVersion = 56;
	objects = {

/* Begin PBXBuildFile section */
		6E37CD3C2A6899B900DC2C72 /* Config.swift in Sources */ = {isa = PBXBuildFile; fileRef = 6E37CD3B2A6899B900DC2C72 /* Config.swift */; };
		6E62E1FD2A65F03A00F31845 /* CAIToolApp.swift in Sources */ = {isa = PBXBuildFile; fileRef = 6E62E1FC2A65F03A00F31845 /* CAIToolApp.swift */; };
		6E62E2012A65F03B00F31845 /* Assets.xcassets in Resources */ = {isa = PBXBuildFile; fileRef = 6E62E2002A65F03B00F31845 /* Assets.xcassets */; };
		6E62E20F2A65F03B00F31845 /* CAIToolTests.swift in Sources */ = {isa = PBXBuildFile; fileRef = 6E62E20E2A65F03B00F31845 /* CAIToolTests.swift */; };
		6E62E2192A65F03B00F31845 /* CAIToolUITests.swift in Sources */ = {isa = PBXBuildFile; fileRef = 6E62E2182A65F03B00F31845 /* CAIToolUITests.swift */; };
		6E62E21B2A65F03B00F31845 /* CAIToolUITestsLaunchTests.swift in Sources */ = {isa = PBXBuildFile; fileRef = 6E62E21A2A65F03B00F31845 /* CAIToolUITestsLaunchTests.swift */; };
		6E62E2282A65F09D00F31845 /* AppDelegate.swift in Sources */ = {isa = PBXBuildFile; fileRef = 6E62E2272A65F09D00F31845 /* AppDelegate.swift */; };
/* End PBXBuildFile section */

/* Begin PBXContainerItemProxy section */
		6E62E20B2A65F03B00F31845 /* PBXContainerItemProxy */ = {
			isa = PBXContainerItemProxy;
			containerPortal = 6E62E1F12A65F03A00F31845 /* Project object */;
			proxyType = 1;
			remoteGlobalIDString = 6E62E1F82A65F03A00F31845;
			remoteInfo = CAITool;
		};
		6E62E2152A65F03B00F31845 /* PBXContainerItemProxy */ = {
			isa = PBXContainerItemProxy;
			containerPortal = 6E62E1F12A65F03A00F31845 /* Project object */;
			proxyType = 1;
			remoteGlobalIDString = 6E62E1F82A65F03A00F31845;
			remoteInfo = CAITool;
		};
/* End PBXContainerItemProxy section */

/* Begin PBXCopyFilesBuildPhase section */
		6E62E2482A65F57200F31845 /* Embed Frameworks */ = {
			isa = PBXCopyFilesBuildPhase;
			buildActionMask = 2147483647;
			dstPath = "";
			dstSubfolderSpec = 10;
			files = (
			);
			name = "Embed Frameworks";
			runOnlyForDeploymentPostprocessing = 0;
		};
/* End PBXCopyFilesBuildPhase section */

/* Begin PBXFileReference section */
		6E37CD3B2A6899B900DC2C72 /* Config.swift */ = {isa = PBXFileReference; lastKnownFileType = sourcecode.swift; path = Config.swift; sourceTree = "<group>"; };
		6E62E1F92A65F03A00F31845 /* CAITool.app */ = {isa = PBXFileReference; explicitFileType = wrapper.application; includeInIndex = 0; path = CAITool.app; sourceTree = BUILT_PRODUCTS_DIR; };
		6E62E1FC2A65F03A00F31845 /* CAIToolApp.swift */ = {isa = PBXFileReference; lastKnownFileType = sourcecode.swift; path = CAIToolApp.swift; sourceTree = "<group>"; };
		6E62E2002A65F03B00F31845 /* Assets.xcassets */ = {isa = PBXFileReference; lastKnownFileType = folder.assetcatalog; path = Assets.xcassets; sourceTree = "<group>"; };
		6E62E2052A65F03B00F31845 /* CAITool.entitlements */ = {isa = PBXFileReference; lastKnownFileType = text.plist.entitlements; path = CAITool.entitlements; sourceTree = "<group>"; };
		6E62E20A2A65F03B00F31845 /* CAIToolTests.xctest */ = {isa = PBXFileReference; explicitFileType = wrapper.cfbundle; includeInIndex = 0; path = CAIToolTests.xctest; sourceTree = BUILT_PRODUCTS_DIR; };
		6E62E20E2A65F03B00F31845 /* CAIToolTests.swift */ = {isa = PBXFileReference; lastKnownFileType = sourcecode.swift; path = CAIToolTests.swift; sourceTree = "<group>"; };
		6E62E2142A65F03B00F31845 /* CAIToolUITests.xctest */ = {isa = PBXFileReference; explicitFileType = wrapper.cfbundle; includeInIndex = 0; path = CAIToolUITests.xctest; sourceTree = BUILT_PRODUCTS_DIR; };
		6E62E2182A65F03B00F31845 /* CAIToolUITests.swift */ = {isa = PBXFileReference; lastKnownFileType = sourcecode.swift; path = CAIToolUITests.swift; sourceTree = "<group>"; };
		6E62E21A2A65F03B00F31845 /* CAIToolUITestsLaunchTests.swift */ = {isa = PBXFileReference; lastKnownFileType = sourcecode.swift; path = CAIToolUITestsLaunchTests.swift; sourceTree = "<group>"; };
		6E62E2272A65F09D00F31845 /* AppDelegate.swift */ = {isa = PBXFileReference; lastKnownFileType = sourcecode.swift; path = AppDelegate.swift; sourceTree = "<group>"; };
		6E62E23E2A65F57200F31845 /* AgentsManagerTests.swift */ = {isa = PBXFileReference; lastKnownFileType = sourcecode.swift; path = AgentsManagerTests.swift; sourceTree = "<group>"; };
/* End PBXFileReference section */

/* Begin PBXFrameworksBuildPhase section */
		6E62E1F62A65F03A00F31845 /* Frameworks */ = {
			isa = PBXFrameworksBuildPhase;
			buildActionMask = 2147483647;
			files = (
			);
			runOnlyForDeploymentPostprocessing = 0;
		};
		6E62E2072A65F03B00F31845 /* Frameworks */ = {
			isa = PBXFrameworksBuildPhase;
			buildActionMask = 2147483647;
			files = (
			);
			runOnlyForDeploymentPostprocessing = 0;
		};
		6E62E2112A65F03B00F31845 /* Frameworks */ = {
			isa = PBXFrameworksBuildPhase;
			buildActionMask = 2147483647;
			files = (
			);
			runOnlyForDeploymentPostprocessing = 0;
		};
/* End PBXFrameworksBuildPhase section */

/* Begin PBXGroup section */
		6E62E1F02A65F03A00F31845 = {
			isa = PBXGroup;
			children = (
				6E62E1FB2A65F03A00F31845 /* CAITool */,
				6E62E20D2A65F03B00F31845 /* CAIToolTests */,
				6E62E2172A65F03B00F31845 /* CAIToolUITests */,
				6E62E23D2A65F57200F31845 /* AgentsManagerTests */,
				6E62E1FA2A65F03A00F31845 /* Products */,
			);
			sourceTree = "<group>";
		};
		6E62E1FA2A65F03A00F31845 /* Products */ = {
			isa = PBXGroup;
			children = (
				6E62E1F92A65F03A00F31845 /* CAITool.app */,
				6E62E20A2A65F03B00F31845 /* CAIToolTests.xctest */,
				6E62E2142A65F03B00F31845 /* CAIToolUITests.xctest */,
			);
			name = Products;
			sourceTree = "<group>";
		};
		6E62E1FB2A65F03A00F31845 /* CAITool */ = {
			isa = PBXGroup;
			children = (
				6E62E1FC2A65F03A00F31845 /* CAIToolApp.swift */,
				6E62E2002A65F03B00F31845 /* Assets.xcassets */,
				6E62E2052A65F03B00F31845 /* CAITool.entitlements */,
				6E62E2272A65F09D00F31845 /* AppDelegate.swift */,
				6E37CD3B2A6899B900DC2C72 /* Config.swift */,
			);
			path = CAITool;
			sourceTree = "<group>";
		};
		6E62E20D2A65F03B00F31845 /* CAIToolTests */ = {
			isa = PBXGroup;
			children = (
				6E62E20E2A65F03B00F31845 /* CAIToolTests.swift */,
			);
			path = CAIToolTests;
			sourceTree = "<group>";
		};
		6E62E2172A65F03B00F31845 /* CAIToolUITests */ = {
			isa = PBXGroup;
			children = (
				6E62E2182A65F03B00F31845 /* CAIToolUITests.swift */,
				6E62E21A2A65F03B00F31845 /* CAIToolUITestsLaunchTests.swift */,
			);
			path = CAIToolUITests;
			sourceTree = "<group>";
		};
		6E62E23D2A65F57200F31845 /* AgentsManagerTests */ = {
			isa = PBXGroup;
			children = (
				6E62E23E2A65F57200F31845 /* AgentsManagerTests.swift */,
			);
			path = AgentsManagerTests;
			sourceTree = "<group>";
		};
/* End PBXGroup section */

/* Begin PBXNativeTarget section */
		6E62E1F82A65F03A00F31845 /* CAITool */ = {
			isa = PBXNativeTarget;
			buildConfigurationList = 6E62E21E2A65F03B00F31845 /* Build configuration list for PBXNativeTarget "CAITool" */;
			buildPhases = (
				6E62E1F52A65F03A00F31845 /* Sources */,
				6E62E1F62A65F03A00F31845 /* Frameworks */,
				6E62E1F72A65F03A00F31845 /* Resources */,
				6E62E2482A65F57200F31845 /* Embed Frameworks */,
			);
			buildRules = (
			);
			dependencies = (
			);
			name = CAITool;
			productName = CAITool;
			productReference = 6E62E1F92A65F03A00F31845 /* CAITool.app */;
			productType = "com.apple.product-type.application";
		};
		6E62E2092A65F03B00F31845 /* CAIToolTests */ = {
			isa = PBXNativeTarget;
			buildConfigurationList = 6E62E2212A65F03B00F31845 /* Build configuration list for PBXNativeTarget "CAIToolTests" */;
			buildPhases = (
				6E62E2062A65F03B00F31845 /* Sources */,
				6E62E2072A65F03B00F31845 /* Frameworks */,
				6E62E2082A65F03B00F31845 /* Resources */,
			);
			buildRules = (
			);
			dependencies = (
				6E62E20C2A65F03B00F31845 /* PBXTargetDependency */,
			);
			name = CAIToolTests;
			productName = CAIToolTests;
			productReference = 6E62E20A2A65F03B00F31845 /* CAIToolTests.xctest */;
			productType = "com.apple.product-type.bundle.unit-test";
		};
		6E62E2132A65F03B00F31845 /* CAIToolUITests */ = {
			isa = PBXNativeTarget;
			buildConfigurationList = 6E62E2242A65F03B00F31845 /* Build configuration list for PBXNativeTarget "CAIToolUITests" */;
			buildPhases = (
				6E62E2102A65F03B00F31845 /* Sources */,
				6E62E2112A65F03B00F31845 /* Frameworks */,
				6E62E2122A65F03B00F31845 /* Resources */,
			);
			buildRules = (
			);
			dependencies = (
				6E62E2162A65F03B00F31845 /* PBXTargetDependency */,
			);
			name = CAIToolUITests;
			productName = CAIToolUITests;
			productReference = 6E62E2142A65F03B00F31845 /* CAIToolUITests.xctest */;
			productType = "com.apple.product-type.bundle.ui-testing";
		};
/* End PBXNativeTarget section */

/* Begin PBXProject section */
		6E62E1F12A65F03A00F31845 /* Project object */ = {
			isa = PBXProject;
			attributes = {
				BuildIndependentTargetsInParallel = 1;
				LastSwiftUpdateCheck = 1500;
				LastUpgradeCheck = 1500;
				TargetAttributes = {
					6E62E1F82A65F03A00F31845 = {
						CreatedOnToolsVersion = 15.0;
					};
					6E62E2092A65F03B00F31845 = {
						CreatedOnToolsVersion = 15.0;
						TestTargetID = 6E62E1F82A65F03A00F31845;
					};
					6E62E2132A65F03B00F31845 = {
						CreatedOnToolsVersion = 15.0;
						TestTargetID = 6E62E1F82A65F03A00F31845;
					};
				};
			};
			buildConfigurationList = 6E62E1F42A65F03A00F31845 /* Build configuration list for PBXProject "CAITool" */;
			compatibilityVersion = "Xcode 14.0";
			developmentRegion = en;
			hasScannedForEncodings = 0;
			knownRegions = (
				en,
				Base,
			);
			mainGroup = 6E62E1F02A65F03A00F31845;
			productRefGroup = 6E62E1FA2A65F03A00F31845 /* Products */;
			projectDirPath = "";
			projectRoot = "";
			targets = (
				6E62E1F82A65F03A00F31845 /* CAITool */,
				6E62E2092A65F03B00F31845 /* CAIToolTests */,
				6E62E2132A65F03B00F31845 /* CAIToolUITests */,
			);
		};
/* End PBXProject section */

/* Begin PBXResourcesBuildPhase section */
		6E62E1F72A65F03A00F31845 /* Resources */ = {
			isa = PBXResourcesBuildPhase;
			buildActionMask = 2147483647;
			files = (
				6E62E2012A65F03B00F31845 /* Assets.xcassets in Resources */,
			);
			runOnlyForDeploymentPostprocessing = 0;
		};
		6E62E2082A65F03B00F31845 /* Resources */ = {
			isa = PBXResourcesBuildPhase;
			buildActionMask = 2147483647;
			files = (
			);
			runOnlyForDeploymentPostprocessing = 0;
		};
		6E62E2122A65F03B00F31845 /* Resources */ = {
			isa = PBXResourcesBuildPhase;
			buildActionMask = 2147483647;
			files = (
			);
			runOnlyForDeploymentPostprocessing = 0;
		};
/* End PBXResourcesBuildPhase section */

/* Begin PBXSourcesBuildPhase section */
		6E62E1F52A65F03A00F31845 /* Sources */ = {
			isa = PBXSourcesBuildPhase;
			buildActionMask = 2147483647;
			files = (
				6E62E2282A65F09D00F31845 /* AppDelegate.swift in Sources */,
				6E62E1FD2A65F03A00F31845 /* CAIToolApp.swift in Sources */,
				6E37CD3C2A6899B900DC2C72 /* Config.swift in Sources */,
			);
			runOnlyForDeploymentPostprocessing = 0;
		};
		6E62E2062A65F03B00F31845 /* Sources */ = {
			isa = PBXSourcesBuildPhase;
			buildActionMask = 2147483647;
			files = (
				6E62E20F2A65F03B00F31845 /* CAIToolTests.swift in Sources */,
			);
			runOnlyForDeploymentPostprocessing = 0;
		};
		6E62E2102A65F03B00F31845 /* Sources */ = {
			isa = PBXSourcesBuildPhase;
			buildActionMask = 2147483647;
			files = (
				6E62E21B2A65F03B00F31845 /* CAIToolUITestsLaunchTests.swift in Sources */,
				6E62E2192A65F03B00F31845 /* CAIToolUITests.swift in Sources */,
			);
			runOnlyForDeploymentPostprocessing = 0;
		};
/* End PBXSourcesBuildPhase section */

/* Begin PBXTargetDependency section */
		6E62E20C2A65F03B00F31845 /* PBXTargetDependency */ = {
			isa = PBXTargetDependency;
			target = 6E62E1F82A65F03A00F31845 /* CAITool */;
			targetProxy = 6E62E20B2A65F03B00F31845 /* PBXContainerItemProxy */;
		};
		6E62E2162A65F03B00F31845 /* PBXTargetDependency */ = {
			isa = PBXTargetDependency;
			target = 6E62E1F82A65F03A00F31845 /* CAITool */;
			targetProxy = 6E62E2152A65F03B00F31845 /* PBXContainerItemProxy */;
		};
/* End PBXTargetDependency section */

/* Begin XCBuildConfiguration section */
		6E62E21C2A65F03B00F31845 /* Debug */ = {
			isa = XCBuildConfiguration;
			buildSettings = {
				ALWAYS_SEARCH_USER_PATHS = NO;
				ASSETCATALOG_COMPILER_GENERATE_SWIFT_ASSET_SYMBOL_EXTENSIONS = YES;
				CLANG_ANALYZER_NONNULL = YES;
				CLANG_ANALYZER_NUMBER_OBJECT_CONVERSION = YES_AGGRESSIVE;
				CLANG_CXX_LANGUAGE_STANDARD = "gnu++20";
				CLANG_ENABLE_MODULES = YES;
				CLANG_ENABLE_OBJC_ARC = YES;
				CLANG_ENABLE_OBJC_WEAK = YES;
				CLANG_WARN_BLOCK_CAPTURE_AUTORELEASING = YES;
				CLANG_WARN_BOOL_CONVERSION = YES;
				CLANG_WARN_COMMA = YES;
				CLANG_WARN_CONSTANT_CONVERSION = YES;
				CLANG_WARN_DEPRECATED_OBJC_IMPLEMENTATIONS = YES;
				CLANG_WARN_DIRECT_OBJC_ISA_USAGE = YES_ERROR;
				CLANG_WARN_DOCUMENTATION_COMMENTS = YES;
				CLANG_WARN_EMPTY_BODY = YES;
				CLANG_WARN_ENUM_CONVERSION = YES;
				CLANG_WARN_INFINITE_RECURSION = YES;
				CLANG_WARN_INT_CONVERSION = YES;
				CLANG_WARN_NON_LITERAL_NULL_CONVERSION = YES;
				CLANG_WARN_OBJC_IMPLICIT_RETAIN_SELF = YES;
				CLANG_WARN_OBJC_LITERAL_CONVERSION = YES;
				CLANG_WARN_OBJC_ROOT_CLASS = YES_ERROR;
				CLANG_WARN_QUOTED_INCLUDE_IN_FRAMEWORK_HEADER = YES;
				CLANG_WARN_RANGE_LOOP_ANALYSIS = YES;
				CLANG_WARN_STRICT_PROTOTYPES = YES;
				CLANG_WARN_SUSPICIOUS_MOVE = YES;
				CLANG_WARN_UNGUARDED_AVAILABILITY = YES_AGGRESSIVE;
				CLANG_WARN_UNREACHABLE_CODE = YES;
				CLANG_WARN__DUPLICATE_METHOD_MATCH = YES;
				COPY_PHASE_STRIP = NO;
				DEBUG_INFORMATION_FORMAT = dwarf;
				ENABLE_STRICT_OBJC_MSGSEND = YES;
				ENABLE_TESTABILITY = YES;
				ENABLE_USER_SCRIPT_SANDBOXING = YES;
				GCC_C_LANGUAGE_STANDARD = gnu17;
				GCC_DYNAMIC_NO_PIC = NO;
				GCC_NO_COMMON_BLOCKS = YES;
				GCC_OPTIMIZATION_LEVEL = 0;
				GCC_PREPROCESSOR_DEFINITIONS = (
					"DEBUG=1",
					"$(inherited)",
				);
				GCC_WARN_64_TO_32_BIT_CONVERSION = YES;
				GCC_WARN_ABOUT_RETURN_TYPE = YES_ERROR;
				GCC_WARN_UNDECLARED_SELECTOR = YES;
				GCC_WARN_UNINITIALIZED_AUTOS = YES_AGGRESSIVE;
				GCC_WARN_UNUSED_FUNCTION = YES;
				GCC_WARN_UNUSED_VARIABLE = YES;
				LOCALIZATION_PREFERS_STRING_CATALOGS = YES;
				MACOSX_DEPLOYMENT_TARGET = 13.0;
				MTL_ENABLE_DEBUG_INFO = INCLUDE_SOURCE;
				MTL_FAST_MATH = YES;
				ONLY_ACTIVE_ARCH = YES;
				SDKROOT = macosx;
				SWIFT_ACTIVE_COMPILATION_CONDITIONS = "DEBUG $(inherited)";
				SWIFT_OPTIMIZATION_LEVEL = "-Onone";
			};
			name = Debug;
		};
		6E62E21D2A65F03B00F31845 /* Release */ = {
			isa = XCBuildConfiguration;
			buildSettings = {
				ALWAYS_SEARCH_USER_PATHS = NO;
				ASSETCATALOG_COMPILER_GENERATE_SWIFT_ASSET_SYMBOL_EXTENSIONS = YES;
				CLANG_ANALYZER_NONNULL = YES;
				CLANG_ANALYZER_NUMBER_OBJECT_CONVERSION = YES_AGGRESSIVE;
				CLANG_CXX_LANGUAGE_STANDARD = "gnu++20";
				CLANG_ENABLE_MODULES = YES;
				CLANG_ENABLE_OBJC_ARC = YES;
				CLANG_ENABLE_OBJC_WEAK = YES;
				CLANG_WARN_BLOCK_CAPTURE_AUTORELEASING = YES;
				CLANG_WARN_BOOL_CONVERSION = YES;
				CLANG_WARN_COMMA = YES;
				CLANG_WARN_CONSTANT_CONVERSION = YES;
				CLANG_WARN_DEPRECATED_OBJC_IMPLEMENTATIONS = YES;
				CLANG_WARN_DIRECT_OBJC_ISA_USAGE = YES_ERROR;
				CLANG_WARN_DOCUMENTATION_COMMENTS = YES;
				CLANG_WARN_EMPTY_BODY = YES;
				CLANG_WARN_ENUM_CONVERSION = YES;
				CLANG_WARN_INFINITE_RECURSION = YES;
				CLANG_WARN_INT_CONVERSION = YES;
				CLANG_WARN_NON_LITERAL_NULL_CONVERSION = YES;
				CLANG_WARN_OBJC_IMPLICIT_RETAIN_SELF = YES;
				CLANG_WARN_OBJC_LITERAL_CONVERSION = YES;
				CLANG_WARN_OBJC_ROOT_CLASS = YES_ERROR;
				CLANG_WARN_QUOTED_INCLUDE_IN_FRAMEWORK_HEADER = YES;
				CLANG_WARN_RANGE_LOOP_ANALYSIS = YES;
				CLANG_WARN_STRICT_PROTOTYPES = YES;
				CLANG_WARN_SUSPICIOUS_MOVE = YES;
				CLANG_WARN_UNGUARDED_AVAILABILITY = YES_AGGRESSIVE;
				CLANG_WARN_UNREACHABLE_CODE = YES;
				CLANG_WARN__DUPLICATE_METHOD_MATCH = YES;
				COPY_PHASE_STRIP = NO;
				DEBUG_INFORMATION_FORMAT = "dwarf-with-dsym";
				ENABLE_NS_ASSERTIONS = NO;
				ENABLE_STRICT_OBJC_MSGSEND = YES;
				ENABLE_USER_SCRIPT_SANDBOXING = YES;
				GCC_C_LANGUAGE_STANDARD = gnu17;
				GCC_NO_COMMON_BLOCKS = YES;
				GCC_WARN_64_TO_32_BIT_CONVERSION = YES;
				GCC_WARN_ABOUT_RETURN_TYPE = YES_ERROR;
				GCC_WARN_UNDECLARED_SELECTOR = YES;
				GCC_WARN_UNINITIALIZED_AUTOS = YES_AGGRESSIVE;
				GCC_WARN_UNUSED_FUNCTION = YES;
				GCC_WARN_UNUSED_VARIABLE = YES;
				LOCALIZATION_PREFERS_STRING_CATALOGS = YES;
				MACOSX_DEPLOYMENT_TARGET = 13.0;
				MTL_ENABLE_DEBUG_INFO = NO;
				MTL_FAST_MATH = YES;
				SDKROOT = macosx;
				SWIFT_COMPILATION_MODE = wholemodule;
			};
			name = Release;
		};
		6E62E21F2A65F03B00F31845 /* Debug */ = {
			isa = XCBuildConfiguration;
			buildSettings = {
				ASSETCATALOG_COMPILER_APPICON_NAME = AppIcon;
				ASSETCATALOG_COMPILER_GLOBAL_ACCENT_COLOR_NAME = AccentColor;
				CODE_SIGN_ENTITLEMENTS = CAITool/CAITool.entitlements;
				CODE_SIGN_STYLE = Automatic;
				COMBINE_HIDPI_IMAGES = YES;
				CURRENT_PROJECT_VERSION = 1;
				DEVELOPMENT_ASSET_PATHS = "";
				DEVELOPMENT_TEAM = 4KDWBQAQFX;
				ENABLE_HARDENED_RUNTIME = YES;
				ENABLE_PREVIEWS = YES;
				GENERATE_INFOPLIST_FILE = YES;
				INFOPLIST_KEY_LSApplicationCategoryType = "public.app-category.utilities";
				INFOPLIST_KEY_LSUIElement = YES;
				INFOPLIST_KEY_NSHumanReadableCopyright = "";
				LD_RUNPATH_SEARCH_PATHS = (
					"$(inherited)",
					"@executable_path/../Frameworks",
				);
				MARKETING_VERSION = 1.0;
				PRODUCT_BUNDLE_IDENTIFIER = com.caidev.CAITool;
				PRODUCT_NAME = "$(TARGET_NAME)";
				SWIFT_EMIT_LOC_STRINGS = YES;
				SWIFT_VERSION = 5.0;
			};
			name = Debug;
		};
		6E62E2202A65F03B00F31845 /* Release */ = {
			isa = XCBuildConfiguration;
			buildSettings = {
				ASSETCATALOG_COMPILER_APPICON_NAME = AppIcon;
				ASSETCATALOG_COMPILER_GLOBAL_ACCENT_COLOR_NAME = AccentColor;
				CODE_SIGN_ENTITLEMENTS = CAITool/CAITool.entitlements;
				CODE_SIGN_STYLE = Automatic;
				COMBINE_HIDPI_IMAGES = YES;
				CURRENT_PROJECT_VERSION = 1;
				DEVELOPMENT_ASSET_PATHS = "";
				DEVELOPMENT_TEAM = 4KDWBQAQFX;
				ENABLE_HARDENED_RUNTIME = YES;
				ENABLE_PREVIEWS = YES;
				GENERATE_INFOPLIST_FILE = YES;
				INFOPLIST_KEY_LSApplicationCategoryType = "public.app-category.utilities";
				INFOPLIST_KEY_LSUIElement = YES;
				INFOPLIST_KEY_NSHumanReadableCopyright = "";
				LD_RUNPATH_SEARCH_PATHS = (
					"$(inherited)",
					"@executable_path/../Frameworks",
				);
				MARKETING_VERSION = 1.0;
				PRODUCT_BUNDLE_IDENTIFIER = com.caidev.CAITool;
				PRODUCT_NAME = "$(TARGET_NAME)";
				SWIFT_EMIT_LOC_STRINGS = YES;
				SWIFT_VERSION = 5.0;
			};
			name = Release;
		};
		6E62E2222A65F03B00F31845 /* Debug */ = {
			isa = XCBuildConfiguration;
			buildSettings = {
				ALWAYS_EMBED_SWIFT_STANDARD_LIBRARIES = YES;
				BUNDLE_LOADER = "$(TEST_HOST)";
				CODE_SIGN_STYLE = Automatic;
				CURRENT_PROJECT_VERSION = 1;
				DEVELOPMENT_TEAM = 4KDWBQAQFX;
				GENERATE_INFOPLIST_FILE = YES;
				MACOSX_DEPLOYMENT_TARGET = 14.0;
				MARKETING_VERSION = 1.0;
				PRODUCT_BUNDLE_IDENTIFIER = com.caidev.CAIToolTests;
				PRODUCT_NAME = "$(TARGET_NAME)";
				SWIFT_EMIT_LOC_STRINGS = NO;
				SWIFT_VERSION = 5.0;
				TEST_HOST = "$(BUILT_PRODUCTS_DIR)/CAITool.app/$(BUNDLE_EXECUTABLE_FOLDER_PATH)/CAITool";
			};
			name = Debug;
		};
		6E62E2232A65F03B00F31845 /* Release */ = {
			isa = XCBuildConfiguration;
			buildSettings = {
				ALWAYS_EMBED_SWIFT_STANDARD_LIBRARIES = YES;
				BUNDLE_LOADER = "$(TEST_HOST)";
				CODE_SIGN_STYLE = Automatic;
				CURRENT_PROJECT_VERSION = 1;
				DEVELOPMENT_TEAM = 4KDWBQAQFX;
				GENERATE_INFOPLIST_FILE = YES;
				MACOSX_DEPLOYMENT_TARGET = 14.0;
				MARKETING_VERSION = 1.0;
				PRODUCT_BUNDLE_IDENTIFIER = com.caidev.CAIToolTests;
				PRODUCT_NAME = "$(TARGET_NAME)";
				SWIFT_EMIT_LOC_STRINGS = NO;
				SWIFT_VERSION = 5.0;
				TEST_HOST = "$(BUILT_PRODUCTS_DIR)/CAITool.app/$(BUNDLE_EXECUTABLE_FOLDER_PATH)/CAITool";
			};
			name = Release;
		};
		6E62E2252A65F03B00F31845 /* Debug */ = {
			isa = XCBuildConfiguration;
			buildSettings = {
				ALWAYS_EMBED_SWIFT_STANDARD_LIBRARIES = YES;
				CODE_SIGN_STYLE = Automatic;
				CURRENT_PROJECT_VERSION = 1;
				DEVELOPMENT_TEAM = 4KDWBQAQFX;
				GENERATE_INFOPLIST_FILE = YES;
				MARKETING_VERSION = 1.0;
				PRODUCT_BUNDLE_IDENTIFIER = com.caidev.CAIToolUITests;
				PRODUCT_NAME = "$(TARGET_NAME)";
				SWIFT_EMIT_LOC_STRINGS = NO;
				SWIFT_VERSION = 5.0;
				TEST_TARGET_NAME = CAITool;
			};
			name = Debug;
		};
		6E62E2262A65F03B00F31845 /* Release */ = {
			isa = XCBuildConfiguration;
			buildSettings = {
				ALWAYS_EMBED_SWIFT_STANDARD_LIBRARIES = YES;
				CODE_SIGN_STYLE = Automatic;
				CURRENT_PROJECT_VERSION = 1;
				DEVELOPMENT_TEAM = 4KDWBQAQFX;
				GENERATE_INFOPLIST_FILE = YES;
				MARKETING_VERSION = 1.0;
				PRODUCT_BUNDLE_IDENTIFIER = com.caidev.CAIToolUITests;
				PRODUCT_NAME = "$(TARGET_NAME)";
				SWIFT_EMIT_LOC_STRINGS = NO;
				SWIFT_VERSION = 5.0;
				TEST_TARGET_NAME = CAITool;
			};
			name = Release;
		};
/* End XCBuildConfiguration section */

/* Begin XCConfigurationList section */
		6E62E1F42A65F03A00F31845 /* Build configuration list for PBXProject "CAITool" */ = {
			isa = XCConfigurationList;
			buildConfigurations = (
				6E62E21C2A65F03B00F31845 /* Debug */,
				6E62E21D2A65F03B00F31845 /* Release */,
			);
			defaultConfigurationIsVisible = 0;
			defaultConfigurationName = Release;
		};
		6E62E21E2A65F03B00F31845 /* Build configuration list for PBXNativeTarget "CAITool" */ = {
			isa = XCConfigurationList;
			buildConfigurations = (
				6E62E21F2A65F03B00F31845 /* Debug */,
				6E62E2202A65F03B00F31845 /* Release */,
			);
			defaultConfigurationIsVisible = 0;
			defaultConfigurationName = Release;
		};
		6E62E2212A65F03B00F31845 /* Build configuration list for PBXNativeTarget "CAIToolTests" */ = {
			isa = XCConfigurationList;
			buildConfigurations = (
				6E62E2222A65F03B00F31845 /* Debug */,
				6E62E2232A65F03B00F31845 /* Release */,
			);
			defaultConfigurationIsVisible = 0;
			defaultConfigurationName = Release;
		};
		6E62E2242A65F03B00F31845 /* Build configuration list for PBXNativeTarget "CAIToolUITests" */ = {
			isa = XCConfigurationList;
			buildConfigurations = (
				6E62E2252A65F03B00F31845 /* Debug */,
				6E62E2262A65F03B00F31845 /* Release */,
			);
			defaultConfigurationIsVisible = 0;
			defaultConfigurationName = Release;
		};
/* End XCConfigurationList section */
	};
	rootObject = 6E62E1F12A65F03A00F31845 /* Project object */;
}
