// !$*UTF8*$!
{
	archiveVersion = 1;
	classes = {
	};
	objectVersion = 56;
	objects = {

/* Begin PBXBuildFile section */
		1C241DEB2A960B7B00A5DBF8 /* ocsize.swift in Sources */ = {isa = PBXBuildFile; fileRef = 1C241DEA2A960B7B00A5DBF8 /* ocsize.swift */; };
		1C7574E82A9DCDD6007F86FC /* swr.c in Sources */ = {isa = PBXBuildFile; fileRef = 1C7574E72A9DCDD6007F86FC /* swr.c */; };
		1C7FE6CF29EF7C64007D54B3 /* main.swift in Sources */ = {isa = PBXBuildFile; fileRef = 1C7FE6CE29EF7C64007D54B3 /* main.swift */; };
		1CD7E0232A38365800FF14E5 /* types.swift in Sources */ = {isa = PBXBuildFile; fileRef = 1CD7E0222A38365800FF14E5 /* types.swift */; };
		1CD7E0252A383DD500FF14E5 /* Print.swift in Sources */ = {isa = PBXBuildFile; fileRef = 1CD7E0242A383DD500FF14E5 /* Print.swift */; };
		6E06FD522A6027B800B4B778 /* cwr.swift in Sources */ = {isa = PBXBuildFile; fileRef = 6E06FD512A6027B800B4B778 /* cwr.swift */; };
		6E06FD542A6028CA00B4B778 /* swiftSWR.swift in Sources */ = {isa = PBXBuildFile; fileRef = 6E06FD532A6028CA00B4B778 /* swiftSWR.swift */; };
		6E179B242A55B3CF008690CD /* toDic.swift in Sources */ = {isa = PBXBuildFile; fileRef = 6E179B232A55B3CF008690CD /* toDic.swift */; };
		6E40FCC42A05409700FE4B5B /* libsqlite3.tbd in Frameworks */ = {isa = PBXBuildFile; fileRef = 6E40FCC32A05409700FE4B5B /* libsqlite3.tbd */; };
		6EBB70512A53861A003D3642 /* demo.swift in Sources */ = {isa = PBXBuildFile; fileRef = 6EBB70502A53861A003D3642 /* demo.swift */; };
		6EED057A2A3D487E008B6081 /* cwrite.swift in Sources */ = {isa = PBXBuildFile; fileRef = 6EED05792A3D487E008B6081 /* cwrite.swift */; };
/* End PBXBuildFile section */

/* Begin PBXCopyFilesBuildPhase section */
		1C7FE6C929EF7C64007D54B3 /* CopyFiles */ = {
			isa = PBXCopyFilesBuildPhase;
			buildActionMask = 2147483647;
			dstPath = /usr/share/man/man1/;
			dstSubfolderSpec = 0;
			files = (
			);
			runOnlyForDeploymentPostprocessing = 1;
		};
/* End PBXCopyFilesBuildPhase section */

/* Begin PBXFileReference section */
		1C241DEA2A960B7B00A5DBF8 /* ocsize.swift */ = {isa = PBXFileReference; lastKnownFileType = sourcecode.swift; path = ocsize.swift; sourceTree = "<group>"; };
		1C7574E62A9DCDD6007F86FC /* swr.h */ = {isa = PBXFileReference; lastKnownFileType = sourcecode.c.h; path = swr.h; sourceTree = "<group>"; };
		1C7574E72A9DCDD6007F86FC /* swr.c */ = {isa = PBXFileReference; lastKnownFileType = sourcecode.c.c; path = swr.c; sourceTree = "<group>"; };
		1C7FE6CB29EF7C64007D54B3 /* json */ = {isa = PBXFileReference; explicitFileType = "compiled.mach-o.executable"; includeInIndex = 0; path = json; sourceTree = BUILT_PRODUCTS_DIR; };
		1C7FE6CE29EF7C64007D54B3 /* main.swift */ = {isa = PBXFileReference; lastKnownFileType = sourcecode.swift; path = main.swift; sourceTree = "<group>"; };
		1CD7E0222A38365800FF14E5 /* types.swift */ = {isa = PBXFileReference; lastKnownFileType = sourcecode.swift; path = types.swift; sourceTree = "<group>"; };
		1CD7E0242A383DD500FF14E5 /* Print.swift */ = {isa = PBXFileReference; lastKnownFileType = sourcecode.swift; path = Print.swift; sourceTree = "<group>"; };
		6E06FD512A6027B800B4B778 /* cwr.swift */ = {isa = PBXFileReference; lastKnownFileType = sourcecode.swift; path = cwr.swift; sourceTree = "<group>"; };
		6E06FD532A6028CA00B4B778 /* swiftSWR.swift */ = {isa = PBXFileReference; lastKnownFileType = sourcecode.swift; path = swiftSWR.swift; sourceTree = "<group>"; };
		6E179B232A55B3CF008690CD /* toDic.swift */ = {isa = PBXFileReference; lastKnownFileType = sourcecode.swift; path = toDic.swift; sourceTree = "<group>"; };
		6E40FCC32A05409700FE4B5B /* libsqlite3.tbd */ = {isa = PBXFileReference; lastKnownFileType = "sourcecode.text-based-dylib-definition"; name = libsqlite3.tbd; path = usr/lib/libsqlite3.tbd; sourceTree = SDKROOT; };
		6EB1E95129F17BEA001A2A61 /* EndpointSecurity.json */ = {isa = PBXFileReference; fileEncoding = 4; lastKnownFileType = text.json; path = EndpointSecurity.json; sourceTree = "<group>"; };
		6EBB70502A53861A003D3642 /* demo.swift */ = {isa = PBXFileReference; lastKnownFileType = sourcecode.swift; path = demo.swift; sourceTree = "<group>"; };
		6EED05792A3D487E008B6081 /* cwrite.swift */ = {isa = PBXFileReference; lastKnownFileType = sourcecode.swift; path = cwrite.swift; sourceTree = "<group>"; };
/* End PBXFileReference section */

/* Begin PBXFrameworksBuildPhase section */
		1C7FE6C829EF7C64007D54B3 /* Frameworks */ = {
			isa = PBXFrameworksBuildPhase;
			buildActionMask = 2147483647;
			files = (
				6E40FCC42A05409700FE4B5B /* libsqlite3.tbd in Frameworks */,
			);
			runOnlyForDeploymentPostprocessing = 0;
		};
/* End PBXFrameworksBuildPhase section */

/* Begin PBXGroup section */
		1C7FE6C229EF7C64007D54B3 = {
			isa = PBXGroup;
			children = (
				1C7574E62A9DCDD6007F86FC /* swr.h */,
				1C7574E72A9DCDD6007F86FC /* swr.c */,
				1C7FE6CD29EF7C64007D54B3 /* json */,
				1C7FE6CC29EF7C64007D54B3 /* Products */,
				6E40FCC22A05409700FE4B5B /* Frameworks */,
			);
			sourceTree = "<group>";
		};
		1C7FE6CC29EF7C64007D54B3 /* Products */ = {
			isa = PBXGroup;
			children = (
				1C7FE6CB29EF7C64007D54B3 /* json */,
			);
			name = Products;
			sourceTree = "<group>";
		};
		1C7FE6CD29EF7C64007D54B3 /* json */ = {
			isa = PBXGroup;
			children = (
				6EB1E95129F17BEA001A2A61 /* EndpointSecurity.json */,
				1C7FE6CE29EF7C64007D54B3 /* main.swift */,
				1CD7E0222A38365800FF14E5 /* types.swift */,
				1CD7E0242A383DD500FF14E5 /* Print.swift */,
				6EED05792A3D487E008B6081 /* cwrite.swift */,
				6EBB70502A53861A003D3642 /* demo.swift */,
				6E179B232A55B3CF008690CD /* toDic.swift */,
				6E06FD512A6027B800B4B778 /* cwr.swift */,
				6E06FD532A6028CA00B4B778 /* swiftSWR.swift */,
				1C241DEA2A960B7B00A5DBF8 /* ocsize.swift */,
			);
			path = json;
			sourceTree = "<group>";
		};
		6E40FCC22A05409700FE4B5B /* Frameworks */ = {
			isa = PBXGroup;
			children = (
				6E40FCC32A05409700FE4B5B /* libsqlite3.tbd */,
			);
			name = Frameworks;
			sourceTree = "<group>";
		};
/* End PBXGroup section */

/* Begin PBXNativeTarget section */
		1C7FE6CA29EF7C64007D54B3 /* json */ = {
			isa = PBXNativeTarget;
			buildConfigurationList = 1C7FE6D229EF7C64007D54B3 /* Build configuration list for PBXNativeTarget "json" */;
			buildPhases = (
				1C7FE6C729EF7C64007D54B3 /* Sources */,
				1C7FE6C829EF7C64007D54B3 /* Frameworks */,
				1C7FE6C929EF7C64007D54B3 /* CopyFiles */,
			);
			buildRules = (
			);
			dependencies = (
			);
			name = json;
			productName = json;
			productReference = 1C7FE6CB29EF7C64007D54B3 /* json */;
			productType = "com.apple.product-type.tool";
		};
/* End PBXNativeTarget section */

/* Begin PBXProject section */
		1C7FE6C329EF7C64007D54B3 /* Project object */ = {
			isa = PBXProject;
			attributes = {
				BuildIndependentTargetsInParallel = 1;
				LastSwiftUpdateCheck = 1420;
				LastUpgradeCheck = 1420;
				TargetAttributes = {
					1C7FE6CA29EF7C64007D54B3 = {
						CreatedOnToolsVersion = 14.2;
						LastSwiftMigration = 1420;
					};
				};
			};
			buildConfigurationList = 1C7FE6C629EF7C64007D54B3 /* Build configuration list for PBXProject "json" */;
			compatibilityVersion = "Xcode 14.0";
			developmentRegion = en;
			hasScannedForEncodings = 0;
			knownRegions = (
				en,
				Base,
			);
			mainGroup = 1C7FE6C229EF7C64007D54B3;
			productRefGroup = 1C7FE6CC29EF7C64007D54B3 /* Products */;
			projectDirPath = "";
			projectRoot = "";
			targets = (
				1C7FE6CA29EF7C64007D54B3 /* json */,
			);
		};
/* End PBXProject section */

/* Begin PBXSourcesBuildPhase section */
		1C7FE6C729EF7C64007D54B3 /* Sources */ = {
			isa = PBXSourcesBuildPhase;
			buildActionMask = 2147483647;
			files = (
				1C7FE6CF29EF7C64007D54B3 /* main.swift in Sources */,
				6E179B242A55B3CF008690CD /* toDic.swift in Sources */,
				1C7574E82A9DCDD6007F86FC /* swr.c in Sources */,
				6E06FD542A6028CA00B4B778 /* swiftSWR.swift in Sources */,
				1C241DEB2A960B7B00A5DBF8 /* ocsize.swift in Sources */,
				6EED057A2A3D487E008B6081 /* cwrite.swift in Sources */,
				1CD7E0252A383DD500FF14E5 /* Print.swift in Sources */,
				6E06FD522A6027B800B4B778 /* cwr.swift in Sources */,
				6EBB70512A53861A003D3642 /* demo.swift in Sources */,
				1CD7E0232A38365800FF14E5 /* types.swift in Sources */,
			);
			runOnlyForDeploymentPostprocessing = 0;
		};
/* End PBXSourcesBuildPhase section */

/* Begin XCBuildConfiguration section */
		1C7FE6D029EF7C64007D54B3 /* Debug */ = {
			isa = XCBuildConfiguration;
			buildSettings = {
				ALWAYS_SEARCH_USER_PATHS = NO;
				CLANG_ANALYZER_NONNULL = YES;
				CLANG_ANALYZER_NUMBER_OBJECT_CONVERSION = YES_AGGRESSIVE;
				CLANG_CXX_LANGUAGE_STANDARD = "gnu++20";
				CLANG_ENABLE_MODULES = YES;
				CLANG_ENABLE_OBJC_ARC = YES;
				CLANG_ENABLE_OBJC_WEAK = YES;
				CLANG_WARN_BLOCK_CAPTURE_AUTORELEASING = YES;
				CLANG_WARN_BOOL_CONVERSION = YES;
				CLANG_WARN_COMMA = YES;
				CLANG_WARN_CONSTANT_CONVERSION = YES;
				CLANG_WARN_DEPRECATED_OBJC_IMPLEMENTATIONS = YES;
				CLANG_WARN_DIRECT_OBJC_ISA_USAGE = YES_ERROR;
				CLANG_WARN_DOCUMENTATION_COMMENTS = YES;
				CLANG_WARN_EMPTY_BODY = YES;
				CLANG_WARN_ENUM_CONVERSION = YES;
				CLANG_WARN_INFINITE_RECURSION = YES;
				CLANG_WARN_INT_CONVERSION = YES;
				CLANG_WARN_NON_LITERAL_NULL_CONVERSION = YES;
				CLANG_WARN_OBJC_IMPLICIT_RETAIN_SELF = YES;
				CLANG_WARN_OBJC_LITERAL_CONVERSION = YES;
				CLANG_WARN_OBJC_ROOT_CLASS = YES_ERROR;
				CLANG_WARN_QUOTED_INCLUDE_IN_FRAMEWORK_HEADER = YES;
				CLANG_WARN_RANGE_LOOP_ANALYSIS = YES;
				CLANG_WARN_STRICT_PROTOTYPES = YES;
				CLANG_WARN_SUSPICIOUS_MOVE = YES;
				CLANG_WARN_UNGUARDED_AVAILABILITY = YES_AGGRESSIVE;
				CLANG_WARN_UNREACHABLE_CODE = YES;
				CLANG_WARN__DUPLICATE_METHOD_MATCH = YES;
				COPY_PHASE_STRIP = NO;
				DEBUG_INFORMATION_FORMAT = dwarf;
				ENABLE_STRICT_OBJC_MSGSEND = YES;
				ENABLE_TESTABILITY = YES;
				GCC_C_LANGUAGE_STANDARD = gnu11;
				GCC_DYNAMIC_NO_PIC = NO;
				GCC_NO_COMMON_BLOCKS = YES;
				GCC_OPTIMIZATION_LEVEL = 0;
				GCC_PREPROCESSOR_DEFINITIONS = (
					"DEBUG=1",
					"$(inherited)",
				);
				GCC_WARN_64_TO_32_BIT_CONVERSION = YES;
				GCC_WARN_ABOUT_RETURN_TYPE = YES_ERROR;
				GCC_WARN_UNDECLARED_SELECTOR = YES;
				GCC_WARN_UNINITIALIZED_AUTOS = YES_AGGRESSIVE;
				GCC_WARN_UNUSED_FUNCTION = YES;
				GCC_WARN_UNUSED_VARIABLE = YES;
				MACOSX_DEPLOYMENT_TARGET = 13.0;
				MTL_ENABLE_DEBUG_INFO = INCLUDE_SOURCE;
				MTL_FAST_MATH = YES;
				ONLY_ACTIVE_ARCH = YES;
				SDKROOT = macosx;
				SWIFT_ACTIVE_COMPILATION_CONDITIONS = DEBUG;
				SWIFT_OPTIMIZATION_LEVEL = "-Onone";
			};
			name = Debug;
		};
		1C7FE6D129EF7C64007D54B3 /* Release */ = {
			isa = XCBuildConfiguration;
			buildSettings = {
				ALWAYS_SEARCH_USER_PATHS = NO;
				CLANG_ANALYZER_NONNULL = YES;
				CLANG_ANALYZER_NUMBER_OBJECT_CONVERSION = YES_AGGRESSIVE;
				CLANG_CXX_LANGUAGE_STANDARD = "gnu++20";
				CLANG_ENABLE_MODULES = YES;
				CLANG_ENABLE_OBJC_ARC = YES;
				CLANG_ENABLE_OBJC_WEAK = YES;
				CLANG_WARN_BLOCK_CAPTURE_AUTORELEASING = YES;
				CLANG_WARN_BOOL_CONVERSION = YES;
				CLANG_WARN_COMMA = YES;
				CLANG_WARN_CONSTANT_CONVERSION = YES;
				CLANG_WARN_DEPRECATED_OBJC_IMPLEMENTATIONS = YES;
				CLANG_WARN_DIRECT_OBJC_ISA_USAGE = YES_ERROR;
				CLANG_WARN_DOCUMENTATION_COMMENTS = YES;
				CLANG_WARN_EMPTY_BODY = YES;
				CLANG_WARN_ENUM_CONVERSION = YES;
				CLANG_WARN_INFINITE_RECURSION = YES;
				CLANG_WARN_INT_CONVERSION = YES;
				CLANG_WARN_NON_LITERAL_NULL_CONVERSION = YES;
				CLANG_WARN_OBJC_IMPLICIT_RETAIN_SELF = YES;
				CLANG_WARN_OBJC_LITERAL_CONVERSION = YES;
				CLANG_WARN_OBJC_ROOT_CLASS = YES_ERROR;
				CLANG_WARN_QUOTED_INCLUDE_IN_FRAMEWORK_HEADER = YES;
				CLANG_WARN_RANGE_LOOP_ANALYSIS = YES;
				CLANG_WARN_STRICT_PROTOTYPES = YES;
				CLANG_WARN_SUSPICIOUS_MOVE = YES;
				CLANG_WARN_UNGUARDED_AVAILABILITY = YES_AGGRESSIVE;
				CLANG_WARN_UNREACHABLE_CODE = YES;
				CLANG_WARN__DUPLICATE_METHOD_MATCH = YES;
				COPY_PHASE_STRIP = NO;
				DEBUG_INFORMATION_FORMAT = "dwarf-with-dsym";
				ENABLE_NS_ASSERTIONS = NO;
				ENABLE_STRICT_OBJC_MSGSEND = YES;
				GCC_C_LANGUAGE_STANDARD = gnu11;
				GCC_NO_COMMON_BLOCKS = YES;
				GCC_WARN_64_TO_32_BIT_CONVERSION = YES;
				GCC_WARN_ABOUT_RETURN_TYPE = YES_ERROR;
				GCC_WARN_UNDECLARED_SELECTOR = YES;
				GCC_WARN_UNINITIALIZED_AUTOS = YES_AGGRESSIVE;
				GCC_WARN_UNUSED_FUNCTION = YES;
				GCC_WARN_UNUSED_VARIABLE = YES;
				MACOSX_DEPLOYMENT_TARGET = 13.0;
				MTL_ENABLE_DEBUG_INFO = NO;
				MTL_FAST_MATH = YES;
				SDKROOT = macosx;
				SWIFT_COMPILATION_MODE = wholemodule;
				SWIFT_OPTIMIZATION_LEVEL = "-O";
			};
			name = Release;
		};
		1C7FE6D329EF7C64007D54B3 /* Debug */ = {
			isa = XCBuildConfiguration;
			buildSettings = {
				CLANG_ENABLE_MODULES = YES;
				CODE_SIGN_STYLE = Automatic;
				DEVELOPMENT_TEAM = 4KDWBQAQFX;
				ENABLE_HARDENED_RUNTIME = YES;
				LD_RUNPATH_SEARCH_PATHS = (
					"$(inherited)",
					"@executable_path/../Frameworks",
					"@loader_path/../Frameworks",
				);
				PRODUCT_NAME = "$(TARGET_NAME)";
				SWIFT_OPTIMIZATION_LEVEL = "-Onone";
				SWIFT_VERSION = 5.0;
			};
			name = Debug;
		};
		1C7FE6D429EF7C64007D54B3 /* Release */ = {
			isa = XCBuildConfiguration;
			buildSettings = {
				CLANG_ENABLE_MODULES = YES;
				CODE_SIGN_STYLE = Automatic;
				DEVELOPMENT_TEAM = 4KDWBQAQFX;
				ENABLE_HARDENED_RUNTIME = YES;
				LD_RUNPATH_SEARCH_PATHS = (
					"$(inherited)",
					"@executable_path/../Frameworks",
					"@loader_path/../Frameworks",
				);
				PRODUCT_NAME = "$(TARGET_NAME)";
				SWIFT_VERSION = 5.0;
			};
			name = Release;
		};
/* End XCBuildConfiguration section */

/* Begin XCConfigurationList section */
		1C7FE6C629EF7C64007D54B3 /* Build configuration list for PBXProject "json" */ = {
			isa = XCConfigurationList;
			buildConfigurations = (
				1C7FE6D029EF7C64007D54B3 /* Debug */,
				1C7FE6D129EF7C64007D54B3 /* Release */,
			);
			defaultConfigurationIsVisible = 0;
			defaultConfigurationName = Release;
		};
		1C7FE6D229EF7C64007D54B3 /* Build configuration list for PBXNativeTarget "json" */ = {
			isa = XCConfigurationList;
			buildConfigurations = (
				1C7FE6D329EF7C64007D54B3 /* Debug */,
				1C7FE6D429EF7C64007D54B3 /* Release */,
			);
			defaultConfigurationIsVisible = 0;
			defaultConfigurationName = Release;
		};
/* End XCConfigurationList section */
	};
	rootObject = 1C7FE6C329EF7C64007D54B3 /* Project object */;
}
