// !$*UTF8*$!
{
	archiveVersion = 1;
	classes = {
	};
	objectVersion = 56;
	objects = {

/* Begin PBXBuildFile section */
		6E06FD622A60319400B4B778 /* CaiESApp.swift in Sources */ = {isa = PBXBuildFile; fileRef = 6E06FD612A60319400B4B778 /* CaiESApp.swift */; };
		6E06FD642A60319400B4B778 /* ContentView.swift in Sources */ = {isa = PBXBuildFile; fileRef = 6E06FD632A60319400B4B778 /* ContentView.swift */; };
		6E06FD662A60319500B4B778 /* Assets.xcassets in Resources */ = {isa = PBXBuildFile; fileRef = 6E06FD652A60319500B4B778 /* Assets.xcassets */; };
		6E06FD692A60319500B4B778 /* Preview Assets.xcassets in Resources */ = {isa = PBXBuildFile; fileRef = 6E06FD682A60319500B4B778 /* Preview Assets.xcassets */; };
		6E06FD742A60319600B4B778 /* CaiESTests.swift in Sources */ = {isa = PBXBuildFile; fileRef = 6E06FD732A60319600B4B778 /* CaiESTests.swift */; };
		6E06FD7E2A60319600B4B778 /* CaiESUITests.swift in Sources */ = {isa = PBXBuildFile; fileRef = 6E06FD7D2A60319600B4B778 /* CaiESUITests.swift */; };
		6E06FD802A60319600B4B778 /* CaiESUITestsLaunchTests.swift in Sources */ = {isa = PBXBuildFile; fileRef = 6E06FD7F2A60319600B4B778 /* CaiESUITestsLaunchTests.swift */; };
/* End PBXBuildFile section */

/* Begin PBXContainerItemProxy section */
		6E06FD702A60319600B4B778 /* PBXContainerItemProxy */ = {
			isa = PBXContainerItemProxy;
			containerPortal = 6E06FD562A60319400B4B778 /* Project object */;
			proxyType = 1;
			remoteGlobalIDString = 6E06FD5D2A60319400B4B778;
			remoteInfo = CaiES;
		};
		6E06FD7A2A60319600B4B778 /* PBXContainerItemProxy */ = {
			isa = PBXContainerItemProxy;
			containerPortal = 6E06FD562A60319400B4B778 /* Project object */;
			proxyType = 1;
			remoteGlobalIDString = 6E06FD5D2A60319400B4B778;
			remoteInfo = CaiES;
		};
/* End PBXContainerItemProxy section */

/* Begin PBXFileReference section */
		6E06FD5E2A60319400B4B778 /* CaiES.app */ = {isa = PBXFileReference; explicitFileType = wrapper.application; includeInIndex = 0; path = CaiES.app; sourceTree = BUILT_PRODUCTS_DIR; };
		6E06FD612A60319400B4B778 /* CaiESApp.swift */ = {isa = PBXFileReference; lastKnownFileType = sourcecode.swift; path = CaiESApp.swift; sourceTree = "<group>"; };
		6E06FD632A60319400B4B778 /* ContentView.swift */ = {isa = PBXFileReference; lastKnownFileType = sourcecode.swift; path = ContentView.swift; sourceTree = "<group>"; };
		6E06FD652A60319500B4B778 /* Assets.xcassets */ = {isa = PBXFileReference; lastKnownFileType = folder.assetcatalog; path = Assets.xcassets; sourceTree = "<group>"; };
		6E06FD682A60319500B4B778 /* Preview Assets.xcassets */ = {isa = PBXFileReference; lastKnownFileType = folder.assetcatalog; path = "Preview Assets.xcassets"; sourceTree = "<group>"; };
		6E06FD6A2A60319500B4B778 /* CaiES.entitlements */ = {isa = PBXFileReference; lastKnownFileType = text.plist.entitlements; path = CaiES.entitlements; sourceTree = "<group>"; };
		6E06FD6F2A60319600B4B778 /* CaiESTests.xctest */ = {isa = PBXFileReference; explicitFileType = wrapper.cfbundle; includeInIndex = 0; path = CaiESTests.xctest; sourceTree = BUILT_PRODUCTS_DIR; };
		6E06FD732A60319600B4B778 /* CaiESTests.swift */ = {isa = PBXFileReference; lastKnownFileType = sourcecode.swift; path = CaiESTests.swift; sourceTree = "<group>"; };
		6E06FD792A60319600B4B778 /* CaiESUITests.xctest */ = {isa = PBXFileReference; explicitFileType = wrapper.cfbundle; includeInIndex = 0; path = CaiESUITests.xctest; sourceTree = BUILT_PRODUCTS_DIR; };
		6E06FD7D2A60319600B4B778 /* CaiESUITests.swift */ = {isa = PBXFileReference; lastKnownFileType = sourcecode.swift; path = CaiESUITests.swift; sourceTree = "<group>"; };
		6E06FD7F2A60319600B4B778 /* CaiESUITestsLaunchTests.swift */ = {isa = PBXFileReference; lastKnownFileType = sourcecode.swift; path = CaiESUITestsLaunchTests.swift; sourceTree = "<group>"; };
/* End PBXFileReference section */

/* Begin PBXFrameworksBuildPhase section */
		6E06FD5B2A60319400B4B778 /* Frameworks */ = {
			isa = PBXFrameworksBuildPhase;
			buildActionMask = 2147483647;
			files = (
			);
			runOnlyForDeploymentPostprocessing = 0;
		};
		6E06FD6C2A60319600B4B778 /* Frameworks */ = {
			isa = PBXFrameworksBuildPhase;
			buildActionMask = 2147483647;
			files = (
			);
			runOnlyForDeploymentPostprocessing = 0;
		};
		6E06FD762A60319600B4B778 /* Frameworks */ = {
			isa = PBXFrameworksBuildPhase;
			buildActionMask = 2147483647;
			files = (
			);
			runOnlyForDeploymentPostprocessing = 0;
		};
/* End PBXFrameworksBuildPhase section */

/* Begin PBXGroup section */
		6E06FD552A60319400B4B778 = {
			isa = PBXGroup;
			children = (
				6E06FD602A60319400B4B778 /* CaiES */,
				6E06FD722A60319600B4B778 /* CaiESTests */,
				6E06FD7C2A60319600B4B778 /* CaiESUITests */,
				6E06FD5F2A60319400B4B778 /* Products */,
			);
			sourceTree = "<group>";
		};
		6E06FD5F2A60319400B4B778 /* Products */ = {
			isa = PBXGroup;
			children = (
				6E06FD5E2A60319400B4B778 /* CaiES.app */,
				6E06FD6F2A60319600B4B778 /* CaiESTests.xctest */,
				6E06FD792A60319600B4B778 /* CaiESUITests.xctest */,
			);
			name = Products;
			sourceTree = "<group>";
		};
		6E06FD602A60319400B4B778 /* CaiES */ = {
			isa = PBXGroup;
			children = (
				6E06FD612A60319400B4B778 /* CaiESApp.swift */,
				6E06FD632A60319400B4B778 /* ContentView.swift */,
				6E06FD652A60319500B4B778 /* Assets.xcassets */,
				6E06FD6A2A60319500B4B778 /* CaiES.entitlements */,
				6E06FD672A60319500B4B778 /* Preview Content */,
			);
			path = CaiES;
			sourceTree = "<group>";
		};
		6E06FD672A60319500B4B778 /* Preview Content */ = {
			isa = PBXGroup;
			children = (
				6E06FD682A60319500B4B778 /* Preview Assets.xcassets */,
			);
			path = "Preview Content";
			sourceTree = "<group>";
		};
		6E06FD722A60319600B4B778 /* CaiESTests */ = {
			isa = PBXGroup;
			children = (
				6E06FD732A60319600B4B778 /* CaiESTests.swift */,
			);
			path = CaiESTests;
			sourceTree = "<group>";
		};
		6E06FD7C2A60319600B4B778 /* CaiESUITests */ = {
			isa = PBXGroup;
			children = (
				6E06FD7D2A60319600B4B778 /* CaiESUITests.swift */,
				6E06FD7F2A60319600B4B778 /* CaiESUITestsLaunchTests.swift */,
			);
			path = CaiESUITests;
			sourceTree = "<group>";
		};
/* End PBXGroup section */

/* Begin PBXNativeTarget section */
		6E06FD5D2A60319400B4B778 /* CaiES */ = {
			isa = PBXNativeTarget;
			buildConfigurationList = 6E06FD832A60319600B4B778 /* Build configuration list for PBXNativeTarget "CaiES" */;
			buildPhases = (
				6E06FD5A2A60319400B4B778 /* Sources */,
				6E06FD5B2A60319400B4B778 /* Frameworks */,
				6E06FD5C2A60319400B4B778 /* Resources */,
			);
			buildRules = (
			);
			dependencies = (
			);
			name = CaiES;
			productName = CaiES;
			productReference = 6E06FD5E2A60319400B4B778 /* CaiES.app */;
			productType = "com.apple.product-type.application";
		};
		6E06FD6E2A60319600B4B778 /* CaiESTests */ = {
			isa = PBXNativeTarget;
			buildConfigurationList = 6E06FD862A60319600B4B778 /* Build configuration list for PBXNativeTarget "CaiESTests" */;
			buildPhases = (
				6E06FD6B2A60319600B4B778 /* Sources */,
				6E06FD6C2A60319600B4B778 /* Frameworks */,
				6E06FD6D2A60319600B4B778 /* Resources */,
			);
			buildRules = (
			);
			dependencies = (
				6E06FD712A60319600B4B778 /* PBXTargetDependency */,
			);
			name = CaiESTests;
			productName = CaiESTests;
			productReference = 6E06FD6F2A60319600B4B778 /* CaiESTests.xctest */;
			productType = "com.apple.product-type.bundle.unit-test";
		};
		6E06FD782A60319600B4B778 /* CaiESUITests */ = {
			isa = PBXNativeTarget;
			buildConfigurationList = 6E06FD892A60319600B4B778 /* Build configuration list for PBXNativeTarget "CaiESUITests" */;
			buildPhases = (
				6E06FD752A60319600B4B778 /* Sources */,
				6E06FD762A60319600B4B778 /* Frameworks */,
				6E06FD772A60319600B4B778 /* Resources */,
			);
			buildRules = (
			);
			dependencies = (
				6E06FD7B2A60319600B4B778 /* PBXTargetDependency */,
			);
			name = CaiESUITests;
			productName = CaiESUITests;
			productReference = 6E06FD792A60319600B4B778 /* CaiESUITests.xctest */;
			productType = "com.apple.product-type.bundle.ui-testing";
		};
/* End PBXNativeTarget section */

/* Begin PBXProject section */
		6E06FD562A60319400B4B778 /* Project object */ = {
			isa = PBXProject;
			attributes = {
				BuildIndependentTargetsInParallel = 1;
				LastSwiftUpdateCheck = 1500;
				LastUpgradeCheck = 1500;
				TargetAttributes = {
					6E06FD5D2A60319400B4B778 = {
						CreatedOnToolsVersion = 15.0;
					};
					6E06FD6E2A60319600B4B778 = {
						CreatedOnToolsVersion = 15.0;
						TestTargetID = 6E06FD5D2A60319400B4B778;
					};
					6E06FD782A60319600B4B778 = {
						CreatedOnToolsVersion = 15.0;
						TestTargetID = 6E06FD5D2A60319400B4B778;
					};
				};
			};
			buildConfigurationList = 6E06FD592A60319400B4B778 /* Build configuration list for PBXProject "CaiES" */;
			compatibilityVersion = "Xcode 14.0";
			developmentRegion = en;
			hasScannedForEncodings = 0;
			knownRegions = (
				en,
				Base,
			);
			mainGroup = 6E06FD552A60319400B4B778;
			productRefGroup = 6E06FD5F2A60319400B4B778 /* Products */;
			projectDirPath = "";
			projectRoot = "";
			targets = (
				6E06FD5D2A60319400B4B778 /* CaiES */,
				6E06FD6E2A60319600B4B778 /* CaiESTests */,
				6E06FD782A60319600B4B778 /* CaiESUITests */,
			);
		};
/* End PBXProject section */

/* Begin PBXResourcesBuildPhase section */
		6E06FD5C2A60319400B4B778 /* Resources */ = {
			isa = PBXResourcesBuildPhase;
			buildActionMask = 2147483647;
			files = (
				6E06FD692A60319500B4B778 /* Preview Assets.xcassets in Resources */,
				6E06FD662A60319500B4B778 /* Assets.xcassets in Resources */,
			);
			runOnlyForDeploymentPostprocessing = 0;
		};
		6E06FD6D2A60319600B4B778 /* Resources */ = {
			isa = PBXResourcesBuildPhase;
			buildActionMask = 2147483647;
			files = (
			);
			runOnlyForDeploymentPostprocessing = 0;
		};
		6E06FD772A60319600B4B778 /* Resources */ = {
			isa = PBXResourcesBuildPhase;
			buildActionMask = 2147483647;
			files = (
			);
			runOnlyForDeploymentPostprocessing = 0;
		};
/* End PBXResourcesBuildPhase section */

/* Begin PBXSourcesBuildPhase section */
		6E06FD5A2A60319400B4B778 /* Sources */ = {
			isa = PBXSourcesBuildPhase;
			buildActionMask = 2147483647;
			files = (
				6E06FD642A60319400B4B778 /* ContentView.swift in Sources */,
				6E06FD622A60319400B4B778 /* CaiESApp.swift in Sources */,
			);
			runOnlyForDeploymentPostprocessing = 0;
		};
		6E06FD6B2A60319600B4B778 /* Sources */ = {
			isa = PBXSourcesBuildPhase;
			buildActionMask = 2147483647;
			files = (
				6E06FD742A60319600B4B778 /* CaiESTests.swift in Sources */,
			);
			runOnlyForDeploymentPostprocessing = 0;
		};
		6E06FD752A60319600B4B778 /* Sources */ = {
			isa = PBXSourcesBuildPhase;
			buildActionMask = 2147483647;
			files = (
				6E06FD802A60319600B4B778 /* CaiESUITestsLaunchTests.swift in Sources */,
				6E06FD7E2A60319600B4B778 /* CaiESUITests.swift in Sources */,
			);
			runOnlyForDeploymentPostprocessing = 0;
		};
/* End PBXSourcesBuildPhase section */

/* Begin PBXTargetDependency section */
		6E06FD712A60319600B4B778 /* PBXTargetDependency */ = {
			isa = PBXTargetDependency;
			target = 6E06FD5D2A60319400B4B778 /* CaiES */;
			targetProxy = 6E06FD702A60319600B4B778 /* PBXContainerItemProxy */;
		};
		6E06FD7B2A60319600B4B778 /* PBXTargetDependency */ = {
			isa = PBXTargetDependency;
			target = 6E06FD5D2A60319400B4B778 /* CaiES */;
			targetProxy = 6E06FD7A2A60319600B4B778 /* PBXContainerItemProxy */;
		};
/* End PBXTargetDependency section */

/* Begin XCBuildConfiguration section */
		6E06FD812A60319600B4B778 /* Debug */ = {
			isa = XCBuildConfiguration;
			buildSettings = {
				ALWAYS_SEARCH_USER_PATHS = NO;
				ASSETCATALOG_COMPILER_GENERATE_SWIFT_ASSET_SYMBOL_EXTENSIONS = YES;
				CLANG_ANALYZER_NONNULL = YES;
				CLANG_ANALYZER_NUMBER_OBJECT_CONVERSION = YES_AGGRESSIVE;
				CLANG_CXX_LANGUAGE_STANDARD = "gnu++20";
				CLANG_ENABLE_MODULES = YES;
				CLANG_ENABLE_OBJC_ARC = YES;
				CLANG_ENABLE_OBJC_WEAK = YES;
				CLANG_WARN_BLOCK_CAPTURE_AUTORELEASING = YES;
				CLANG_WARN_BOOL_CONVERSION = YES;
				CLANG_WARN_COMMA = YES;
				CLANG_WARN_CONSTANT_CONVERSION = YES;
				CLANG_WARN_DEPRECATED_OBJC_IMPLEMENTATIONS = YES;
				CLANG_WARN_DIRECT_OBJC_ISA_USAGE = YES_ERROR;
				CLANG_WARN_DOCUMENTATION_COMMENTS = YES;
				CLANG_WARN_EMPTY_BODY = YES;
				CLANG_WARN_ENUM_CONVERSION = YES;
				CLANG_WARN_INFINITE_RECURSION = YES;
				CLANG_WARN_INT_CONVERSION = YES;
				CLANG_WARN_NON_LITERAL_NULL_CONVERSION = YES;
				CLANG_WARN_OBJC_IMPLICIT_RETAIN_SELF = YES;
				CLANG_WARN_OBJC_LITERAL_CONVERSION = YES;
				CLANG_WARN_OBJC_ROOT_CLASS = YES_ERROR;
				CLANG_WARN_QUOTED_INCLUDE_IN_FRAMEWORK_HEADER = YES;
				CLANG_WARN_RANGE_LOOP_ANALYSIS = YES;
				CLANG_WARN_STRICT_PROTOTYPES = YES;
				CLANG_WARN_SUSPICIOUS_MOVE = YES;
				CLANG_WARN_UNGUARDED_AVAILABILITY = YES_AGGRESSIVE;
				CLANG_WARN_UNREACHABLE_CODE = YES;
				CLANG_WARN__DUPLICATE_METHOD_MATCH = YES;
				COPY_PHASE_STRIP = NO;
				DEBUG_INFORMATION_FORMAT = dwarf;
				ENABLE_STRICT_OBJC_MSGSEND = YES;
				ENABLE_TESTABILITY = YES;
				ENABLE_USER_SCRIPT_SANDBOXING = YES;
				GCC_C_LANGUAGE_STANDARD = gnu17;
				GCC_DYNAMIC_NO_PIC = NO;
				GCC_NO_COMMON_BLOCKS = YES;
				GCC_OPTIMIZATION_LEVEL = 0;
				GCC_PREPROCESSOR_DEFINITIONS = (
					"DEBUG=1",
					"$(inherited)",
				);
				GCC_WARN_64_TO_32_BIT_CONVERSION = YES;
				GCC_WARN_ABOUT_RETURN_TYPE = YES_ERROR;
				GCC_WARN_UNDECLARED_SELECTOR = YES;
				GCC_WARN_UNINITIALIZED_AUTOS = YES_AGGRESSIVE;
				GCC_WARN_UNUSED_FUNCTION = YES;
				GCC_WARN_UNUSED_VARIABLE = YES;
				LOCALIZATION_PREFERS_STRING_CATALOGS = YES;
				MACOSX_DEPLOYMENT_TARGET = 14.0;
				MTL_ENABLE_DEBUG_INFO = INCLUDE_SOURCE;
				MTL_FAST_MATH = YES;
				ONLY_ACTIVE_ARCH = YES;
				SDKROOT = macosx;
				SWIFT_ACTIVE_COMPILATION_CONDITIONS = "DEBUG $(inherited)";
				SWIFT_OPTIMIZATION_LEVEL = "-Onone";
			};
			name = Debug;
		};
		6E06FD822A60319600B4B778 /* Release */ = {
			isa = XCBuildConfiguration;
			buildSettings = {
				ALWAYS_SEARCH_USER_PATHS = NO;
				ASSETCATALOG_COMPILER_GENERATE_SWIFT_ASSET_SYMBOL_EXTENSIONS = YES;
				CLANG_ANALYZER_NONNULL = YES;
				CLANG_ANALYZER_NUMBER_OBJECT_CONVERSION = YES_AGGRESSIVE;
				CLANG_CXX_LANGUAGE_STANDARD = "gnu++20";
				CLANG_ENABLE_MODULES = YES;
				CLANG_ENABLE_OBJC_ARC = YES;
				CLANG_ENABLE_OBJC_WEAK = YES;
				CLANG_WARN_BLOCK_CAPTURE_AUTORELEASING = YES;
				CLANG_WARN_BOOL_CONVERSION = YES;
				CLANG_WARN_COMMA = YES;
				CLANG_WARN_CONSTANT_CONVERSION = YES;
				CLANG_WARN_DEPRECATED_OBJC_IMPLEMENTATIONS = YES;
				CLANG_WARN_DIRECT_OBJC_ISA_USAGE = YES_ERROR;
				CLANG_WARN_DOCUMENTATION_COMMENTS = YES;
				CLANG_WARN_EMPTY_BODY = YES;
				CLANG_WARN_ENUM_CONVERSION = YES;
				CLANG_WARN_INFINITE_RECURSION = YES;
				CLANG_WARN_INT_CONVERSION = YES;
				CLANG_WARN_NON_LITERAL_NULL_CONVERSION = YES;
				CLANG_WARN_OBJC_IMPLICIT_RETAIN_SELF = YES;
				CLANG_WARN_OBJC_LITERAL_CONVERSION = YES;
				CLANG_WARN_OBJC_ROOT_CLASS = YES_ERROR;
				CLANG_WARN_QUOTED_INCLUDE_IN_FRAMEWORK_HEADER = YES;
				CLANG_WARN_RANGE_LOOP_ANALYSIS = YES;
				CLANG_WARN_STRICT_PROTOTYPES = YES;
				CLANG_WARN_SUSPICIOUS_MOVE = YES;
				CLANG_WARN_UNGUARDED_AVAILABILITY = YES_AGGRESSIVE;
				CLANG_WARN_UNREACHABLE_CODE = YES;
				CLANG_WARN__DUPLICATE_METHOD_MATCH = YES;
				COPY_PHASE_STRIP = NO;
				DEBUG_INFORMATION_FORMAT = "dwarf-with-dsym";
				ENABLE_NS_ASSERTIONS = NO;
				ENABLE_STRICT_OBJC_MSGSEND = YES;
				ENABLE_USER_SCRIPT_SANDBOXING = YES;
				GCC_C_LANGUAGE_STANDARD = gnu17;
				GCC_NO_COMMON_BLOCKS = YES;
				GCC_WARN_64_TO_32_BIT_CONVERSION = YES;
				GCC_WARN_ABOUT_RETURN_TYPE = YES_ERROR;
				GCC_WARN_UNDECLARED_SELECTOR = YES;
				GCC_WARN_UNINITIALIZED_AUTOS = YES_AGGRESSIVE;
				GCC_WARN_UNUSED_FUNCTION = YES;
				GCC_WARN_UNUSED_VARIABLE = YES;
				LOCALIZATION_PREFERS_STRING_CATALOGS = YES;
				MACOSX_DEPLOYMENT_TARGET = 14.0;
				MTL_ENABLE_DEBUG_INFO = NO;
				MTL_FAST_MATH = YES;
				SDKROOT = macosx;
				SWIFT_COMPILATION_MODE = wholemodule;
			};
			name = Release;
		};
		6E06FD842A60319600B4B778 /* Debug */ = {
			isa = XCBuildConfiguration;
			buildSettings = {
				ASSETCATALOG_COMPILER_APPICON_NAME = AppIcon;
				ASSETCATALOG_COMPILER_GLOBAL_ACCENT_COLOR_NAME = AccentColor;
				CODE_SIGN_ENTITLEMENTS = CaiES/CaiES.entitlements;
				CODE_SIGN_STYLE = Automatic;
				COMBINE_HIDPI_IMAGES = YES;
				CURRENT_PROJECT_VERSION = 1;
				DEVELOPMENT_ASSET_PATHS = "\"CaiES/Preview Content\"";
				DEVELOPMENT_TEAM = 4KDWBQAQFX;
				ENABLE_HARDENED_RUNTIME = YES;
				ENABLE_PREVIEWS = YES;
				GENERATE_INFOPLIST_FILE = YES;
				INFOPLIST_KEY_NSHumanReadableCopyright = "";
				LD_RUNPATH_SEARCH_PATHS = (
					"$(inherited)",
					"@executable_path/../Frameworks",
				);
				MARKETING_VERSION = 1.0;
				PRODUCT_BUNDLE_IDENTIFIER = com.caidev.CaiES;
				PRODUCT_NAME = "$(TARGET_NAME)";
				SWIFT_EMIT_LOC_STRINGS = YES;
				SWIFT_VERSION = 5.0;
			};
			name = Debug;
		};
		6E06FD852A60319600B4B778 /* Release */ = {
			isa = XCBuildConfiguration;
			buildSettings = {
				ASSETCATALOG_COMPILER_APPICON_NAME = AppIcon;
				ASSETCATALOG_COMPILER_GLOBAL_ACCENT_COLOR_NAME = AccentColor;
				CODE_SIGN_ENTITLEMENTS = CaiES/CaiES.entitlements;
				CODE_SIGN_STYLE = Automatic;
				COMBINE_HIDPI_IMAGES = YES;
				CURRENT_PROJECT_VERSION = 1;
				DEVELOPMENT_ASSET_PATHS = "\"CaiES/Preview Content\"";
				DEVELOPMENT_TEAM = 4KDWBQAQFX;
				ENABLE_HARDENED_RUNTIME = YES;
				ENABLE_PREVIEWS = YES;
				GENERATE_INFOPLIST_FILE = YES;
				INFOPLIST_KEY_NSHumanReadableCopyright = "";
				LD_RUNPATH_SEARCH_PATHS = (
					"$(inherited)",
					"@executable_path/../Frameworks",
				);
				MARKETING_VERSION = 1.0;
				PRODUCT_BUNDLE_IDENTIFIER = com.caidev.CaiES;
				PRODUCT_NAME = "$(TARGET_NAME)";
				SWIFT_EMIT_LOC_STRINGS = YES;
				SWIFT_VERSION = 5.0;
			};
			name = Release;
		};
		6E06FD872A60319600B4B778 /* Debug */ = {
			isa = XCBuildConfiguration;
			buildSettings = {
				ALWAYS_EMBED_SWIFT_STANDARD_LIBRARIES = YES;
				BUNDLE_LOADER = "$(TEST_HOST)";
				CODE_SIGN_STYLE = Automatic;
				CURRENT_PROJECT_VERSION = 1;
				DEVELOPMENT_TEAM = 4KDWBQAQFX;
				GENERATE_INFOPLIST_FILE = YES;
				MACOSX_DEPLOYMENT_TARGET = 14.0;
				MARKETING_VERSION = 1.0;
				PRODUCT_BUNDLE_IDENTIFIER = com.caidev.CaiESTests;
				PRODUCT_NAME = "$(TARGET_NAME)";
				SWIFT_EMIT_LOC_STRINGS = NO;
				SWIFT_VERSION = 5.0;
				TEST_HOST = "$(BUILT_PRODUCTS_DIR)/CaiES.app/$(BUNDLE_EXECUTABLE_FOLDER_PATH)/CaiES";
			};
			name = Debug;
		};
		6E06FD882A60319600B4B778 /* Release */ = {
			isa = XCBuildConfiguration;
			buildSettings = {
				ALWAYS_EMBED_SWIFT_STANDARD_LIBRARIES = YES;
				BUNDLE_LOADER = "$(TEST_HOST)";
				CODE_SIGN_STYLE = Automatic;
				CURRENT_PROJECT_VERSION = 1;
				DEVELOPMENT_TEAM = 4KDWBQAQFX;
				GENERATE_INFOPLIST_FILE = YES;
				MACOSX_DEPLOYMENT_TARGET = 14.0;
				MARKETING_VERSION = 1.0;
				PRODUCT_BUNDLE_IDENTIFIER = com.caidev.CaiESTests;
				PRODUCT_NAME = "$(TARGET_NAME)";
				SWIFT_EMIT_LOC_STRINGS = NO;
				SWIFT_VERSION = 5.0;
				TEST_HOST = "$(BUILT_PRODUCTS_DIR)/CaiES.app/$(BUNDLE_EXECUTABLE_FOLDER_PATH)/CaiES";
			};
			name = Release;
		};
		6E06FD8A2A60319600B4B778 /* Debug */ = {
			isa = XCBuildConfiguration;
			buildSettings = {
				ALWAYS_EMBED_SWIFT_STANDARD_LIBRARIES = YES;
				CODE_SIGN_STYLE = Automatic;
				CURRENT_PROJECT_VERSION = 1;
				DEVELOPMENT_TEAM = 4KDWBQAQFX;
				GENERATE_INFOPLIST_FILE = YES;
				MARKETING_VERSION = 1.0;
				PRODUCT_BUNDLE_IDENTIFIER = com.caidev.CaiESUITests;
				PRODUCT_NAME = "$(TARGET_NAME)";
				SWIFT_EMIT_LOC_STRINGS = NO;
				SWIFT_VERSION = 5.0;
				TEST_TARGET_NAME = CaiES;
			};
			name = Debug;
		};
		6E06FD8B2A60319600B4B778 /* Release */ = {
			isa = XCBuildConfiguration;
			buildSettings = {
				ALWAYS_EMBED_SWIFT_STANDARD_LIBRARIES = YES;
				CODE_SIGN_STYLE = Automatic;
				CURRENT_PROJECT_VERSION = 1;
				DEVELOPMENT_TEAM = 4KDWBQAQFX;
				GENERATE_INFOPLIST_FILE = YES;
				MARKETING_VERSION = 1.0;
				PRODUCT_BUNDLE_IDENTIFIER = com.caidev.CaiESUITests;
				PRODUCT_NAME = "$(TARGET_NAME)";
				SWIFT_EMIT_LOC_STRINGS = NO;
				SWIFT_VERSION = 5.0;
				TEST_TARGET_NAME = CaiES;
			};
			name = Release;
		};
/* End XCBuildConfiguration section */

/* Begin XCConfigurationList section */
		6E06FD592A60319400B4B778 /* Build configuration list for PBXProject "CaiES" */ = {
			isa = XCConfigurationList;
			buildConfigurations = (
				6E06FD812A60319600B4B778 /* Debug */,
				6E06FD822A60319600B4B778 /* Release */,
			);
			defaultConfigurationIsVisible = 0;
			defaultConfigurationName = Release;
		};
		6E06FD832A60319600B4B778 /* Build configuration list for PBXNativeTarget "CaiES" */ = {
			isa = XCConfigurationList;
			buildConfigurations = (
				6E06FD842A60319600B4B778 /* Debug */,
				6E06FD852A60319600B4B778 /* Release */,
			);
			defaultConfigurationIsVisible = 0;
			defaultConfigurationName = Release;
		};
		6E06FD862A60319600B4B778 /* Build configuration list for PBXNativeTarget "CaiESTests" */ = {
			isa = XCConfigurationList;
			buildConfigurations = (
				6E06FD872A60319600B4B778 /* Debug */,
				6E06FD882A60319600B4B778 /* Release */,
			);
			defaultConfigurationIsVisible = 0;
			defaultConfigurationName = Release;
		};
		6E06FD892A60319600B4B778 /* Build configuration list for PBXNativeTarget "CaiESUITests" */ = {
			isa = XCConfigurationList;
			buildConfigurations = (
				6E06FD8A2A60319600B4B778 /* Debug */,
				6E06FD8B2A60319600B4B778 /* Release */,
			);
			defaultConfigurationIsVisible = 0;
			defaultConfigurationName = Release;
		};
/* End XCConfigurationList section */
	};
	rootObject = 6E06FD562A60319400B4B778 /* Project object */;
}
