// !$*UTF8*$!
{
	archiveVersion = 1;
	classes = {
	};
	objectVersion = 56;
	objects = {

/* Begin PBXBuildFile section */
		1C5B7A9229EE28EE00A0AE73 /* StatusItem.swift in Sources */ = {isa = PBXBuildFile; fileRef = 1C5B7A9129EE28EE00A0AE73 /* StatusItem.swift */; };
		1C5B7A9529EE358C00A0AE73 /* AppDelegate.swift in Sources */ = {isa = PBXBuildFile; fileRef = 1C5B7A9429EE358C00A0AE73 /* AppDelegate.swift */; };
		1C9BFDEF29EE244800A1F7F5 /* AutoRunApp.swift in Sources */ = {isa = PBXBuildFile; fileRef = 1C9BFDEE29EE244800A1F7F5 /* AutoRunApp.swift */; };
		1C9BFDF129EE244800A1F7F5 /* ContentView.swift in Sources */ = {isa = PBXBuildFile; fileRef = 1C9BFDF029EE244800A1F7F5 /* ContentView.swift */; };
		1C9BFDF329EE244900A1F7F5 /* Assets.xcassets in Resources */ = {isa = PBXBuildFile; fileRef = 1C9BFDF229EE244900A1F7F5 /* Assets.xcassets */; };
		1C9BFDF629EE244900A1F7F5 /* Preview Assets.xcassets in Resources */ = {isa = PBXBuildFile; fileRef = 1C9BFDF529EE244900A1F7F5 /* Preview Assets.xcassets */; };
/* End PBXBuildFile section */

/* Begin PBXFileReference section */
		1C5B7A9129EE28EE00A0AE73 /* StatusItem.swift */ = {isa = PBXFileReference; lastKnownFileType = sourcecode.swift; path = StatusItem.swift; sourceTree = "<group>"; };
		1C5B7A9429EE358C00A0AE73 /* AppDelegate.swift */ = {isa = PBXFileReference; lastKnownFileType = sourcecode.swift; path = AppDelegate.swift; sourceTree = "<group>"; };
		1C9BFDEB29EE244800A1F7F5 /* AutoRun.app */ = {isa = PBXFileReference; explicitFileType = wrapper.application; includeInIndex = 0; path = AutoRun.app; sourceTree = BUILT_PRODUCTS_DIR; };
		1C9BFDEE29EE244800A1F7F5 /* AutoRunApp.swift */ = {isa = PBXFileReference; lastKnownFileType = sourcecode.swift; path = AutoRunApp.swift; sourceTree = "<group>"; };
		1C9BFDF029EE244800A1F7F5 /* ContentView.swift */ = {isa = PBXFileReference; lastKnownFileType = sourcecode.swift; path = ContentView.swift; sourceTree = "<group>"; };
		1C9BFDF229EE244900A1F7F5 /* Assets.xcassets */ = {isa = PBXFileReference; lastKnownFileType = folder.assetcatalog; path = Assets.xcassets; sourceTree = "<group>"; };
		1C9BFDF529EE244900A1F7F5 /* Preview Assets.xcassets */ = {isa = PBXFileReference; lastKnownFileType = folder.assetcatalog; path = "Preview Assets.xcassets"; sourceTree = "<group>"; };
		1C9BFDF729EE244900A1F7F5 /* AutoRun.entitlements */ = {isa = PBXFileReference; lastKnownFileType = text.plist.entitlements; path = AutoRun.entitlements; sourceTree = "<group>"; };
/* End PBXFileReference section */

/* Begin PBXFrameworksBuildPhase section */
		1C9BFDE829EE244800A1F7F5 /* Frameworks */ = {
			isa = PBXFrameworksBuildPhase;
			buildActionMask = 2147483647;
			files = (
			);
			runOnlyForDeploymentPostprocessing = 0;
		};
/* End PBXFrameworksBuildPhase section */

/* Begin PBXGroup section */
		1C5B7A9329EE28FC00A0AE73 /* UI */ = {
			isa = PBXGroup;
			children = (
				1C5B7A9129EE28EE00A0AE73 /* StatusItem.swift */,
				1C9BFDF029EE244800A1F7F5 /* ContentView.swift */,
			);
			path = UI;
			sourceTree = "<group>";
		};
		1C9BFDE229EE244800A1F7F5 = {
			isa = PBXGroup;
			children = (
				1C9BFDED29EE244800A1F7F5 /* AutoRun */,
				1C9BFDEC29EE244800A1F7F5 /* Products */,
			);
			sourceTree = "<group>";
		};
		1C9BFDEC29EE244800A1F7F5 /* Products */ = {
			isa = PBXGroup;
			children = (
				1C9BFDEB29EE244800A1F7F5 /* AutoRun.app */,
			);
			name = Products;
			sourceTree = "<group>";
		};
		1C9BFDED29EE244800A1F7F5 /* AutoRun */ = {
			isa = PBXGroup;
			children = (
				1C9BFDEE29EE244800A1F7F5 /* AutoRunApp.swift */,
				1C5B7A9429EE358C00A0AE73 /* AppDelegate.swift */,
				1C5B7A9329EE28FC00A0AE73 /* UI */,
				1C9BFDF229EE244900A1F7F5 /* Assets.xcassets */,
				1C9BFDF729EE244900A1F7F5 /* AutoRun.entitlements */,
				1C9BFDF429EE244900A1F7F5 /* Preview Content */,
			);
			path = AutoRun;
			sourceTree = "<group>";
		};
		1C9BFDF429EE244900A1F7F5 /* Preview Content */ = {
			isa = PBXGroup;
			children = (
				1C9BFDF529EE244900A1F7F5 /* Preview Assets.xcassets */,
			);
			path = "Preview Content";
			sourceTree = "<group>";
		};
/* End PBXGroup section */

/* Begin PBXNativeTarget section */
		1C9BFDEA29EE244800A1F7F5 /* AutoRun */ = {
			isa = PBXNativeTarget;
			buildConfigurationList = 1C9BFDFA29EE244900A1F7F5 /* Build configuration list for PBXNativeTarget "AutoRun" */;
			buildPhases = (
				1C9BFDE729EE244800A1F7F5 /* Sources */,
				1C9BFDE829EE244800A1F7F5 /* Frameworks */,
				1C9BFDE929EE244800A1F7F5 /* Resources */,
			);
			buildRules = (
			);
			dependencies = (
			);
			name = AutoRun;
			productName = AutoRun;
			productReference = 1C9BFDEB29EE244800A1F7F5 /* AutoRun.app */;
			productType = "com.apple.product-type.application";
		};
/* End PBXNativeTarget section */

/* Begin PBXProject section */
		1C9BFDE329EE244800A1F7F5 /* Project object */ = {
			isa = PBXProject;
			attributes = {
				BuildIndependentTargetsInParallel = 1;
				LastSwiftUpdateCheck = 1420;
				LastUpgradeCheck = 1420;
				TargetAttributes = {
					1C9BFDEA29EE244800A1F7F5 = {
						CreatedOnToolsVersion = 14.2;
					};
				};
			};
			buildConfigurationList = 1C9BFDE629EE244800A1F7F5 /* Build configuration list for PBXProject "AutoRun" */;
			compatibilityVersion = "Xcode 14.0";
			developmentRegion = en;
			hasScannedForEncodings = 0;
			knownRegions = (
				en,
				Base,
			);
			mainGroup = 1C9BFDE229EE244800A1F7F5;
			productRefGroup = 1C9BFDEC29EE244800A1F7F5 /* Products */;
			projectDirPath = "";
			projectRoot = "";
			targets = (
				1C9BFDEA29EE244800A1F7F5 /* AutoRun */,
			);
		};
/* End PBXProject section */

/* Begin PBXResourcesBuildPhase section */
		1C9BFDE929EE244800A1F7F5 /* Resources */ = {
			isa = PBXResourcesBuildPhase;
			buildActionMask = 2147483647;
			files = (
				1C9BFDF629EE244900A1F7F5 /* Preview Assets.xcassets in Resources */,
				1C9BFDF329EE244900A1F7F5 /* Assets.xcassets in Resources */,
			);
			runOnlyForDeploymentPostprocessing = 0;
		};
/* End PBXResourcesBuildPhase section */

/* Begin PBXSourcesBuildPhase section */
		1C9BFDE729EE244800A1F7F5 /* Sources */ = {
			isa = PBXSourcesBuildPhase;
			buildActionMask = 2147483647;
			files = (
				1C5B7A9529EE358C00A0AE73 /* AppDelegate.swift in Sources */,
				1C5B7A9229EE28EE00A0AE73 /* StatusItem.swift in Sources */,
				1C9BFDF129EE244800A1F7F5 /* ContentView.swift in Sources */,
				1C9BFDEF29EE244800A1F7F5 /* AutoRunApp.swift in Sources */,
			);
			runOnlyForDeploymentPostprocessing = 0;
		};
/* End PBXSourcesBuildPhase section */

/* Begin XCBuildConfiguration section */
		1C9BFDF829EE244900A1F7F5 /* Debug */ = {
			isa = XCBuildConfiguration;
			buildSettings = {
				ALWAYS_SEARCH_USER_PATHS = NO;
				CLANG_ANALYZER_NONNULL = YES;
				CLANG_ANALYZER_NUMBER_OBJECT_CONVERSION = YES_AGGRESSIVE;
				CLANG_CXX_LANGUAGE_STANDARD = "gnu++20";
				CLANG_ENABLE_MODULES = YES;
				CLANG_ENABLE_OBJC_ARC = YES;
				CLANG_ENABLE_OBJC_WEAK = YES;
				CLANG_WARN_BLOCK_CAPTURE_AUTORELEASING = YES;
				CLANG_WARN_BOOL_CONVERSION = YES;
				CLANG_WARN_COMMA = YES;
				CLANG_WARN_CONSTANT_CONVERSION = YES;
				CLANG_WARN_DEPRECATED_OBJC_IMPLEMENTATIONS = YES;
				CLANG_WARN_DIRECT_OBJC_ISA_USAGE = YES_ERROR;
				CLANG_WARN_DOCUMENTATION_COMMENTS = YES;
				CLANG_WARN_EMPTY_BODY = YES;
				CLANG_WARN_ENUM_CONVERSION = YES;
				CLANG_WARN_INFINITE_RECURSION = YES;
				CLANG_WARN_INT_CONVERSION = YES;
				CLANG_WARN_NON_LITERAL_NULL_CONVERSION = YES;
				CLANG_WARN_OBJC_IMPLICIT_RETAIN_SELF = YES;
				CLANG_WARN_OBJC_LITERAL_CONVERSION = YES;
				CLANG_WARN_OBJC_ROOT_CLASS = YES_ERROR;
				CLANG_WARN_QUOTED_INCLUDE_IN_FRAMEWORK_HEADER = YES;
				CLANG_WARN_RANGE_LOOP_ANALYSIS = YES;
				CLANG_WARN_STRICT_PROTOTYPES = YES;
				CLANG_WARN_SUSPICIOUS_MOVE = YES;
				CLANG_WARN_UNGUARDED_AVAILABILITY = YES_AGGRESSIVE;
				CLANG_WARN_UNREACHABLE_CODE = YES;
				CLANG_WARN__DUPLICATE_METHOD_MATCH = YES;
				COPY_PHASE_STRIP = NO;
				DEBUG_INFORMATION_FORMAT = dwarf;
				ENABLE_STRICT_OBJC_MSGSEND = YES;
				ENABLE_TESTABILITY = YES;
				GCC_C_LANGUAGE_STANDARD = gnu11;
				GCC_DYNAMIC_NO_PIC = NO;
				GCC_NO_COMMON_BLOCKS = YES;
				GCC_OPTIMIZATION_LEVEL = 0;
				GCC_PREPROCESSOR_DEFINITIONS = (
					"DEBUG=1",
					"$(inherited)",
				);
				GCC_WARN_64_TO_32_BIT_CONVERSION = YES;
				GCC_WARN_ABOUT_RETURN_TYPE = YES_ERROR;
				GCC_WARN_UNDECLARED_SELECTOR = YES;
				GCC_WARN_UNINITIALIZED_AUTOS = YES_AGGRESSIVE;
				GCC_WARN_UNUSED_FUNCTION = YES;
				GCC_WARN_UNUSED_VARIABLE = YES;
				MACOSX_DEPLOYMENT_TARGET = 11.0;
				MTL_ENABLE_DEBUG_INFO = INCLUDE_SOURCE;
				MTL_FAST_MATH = YES;
				ONLY_ACTIVE_ARCH = YES;
				SDKROOT = macosx;
				SWIFT_ACTIVE_COMPILATION_CONDITIONS = DEBUG;
				SWIFT_OPTIMIZATION_LEVEL = "-Onone";
			};
			name = Debug;
		};
		1C9BFDF929EE244900A1F7F5 /* Release */ = {
			isa = XCBuildConfiguration;
			buildSettings = {
				ALWAYS_SEARCH_USER_PATHS = NO;
				CLANG_ANALYZER_NONNULL = YES;
				CLANG_ANALYZER_NUMBER_OBJECT_CONVERSION = YES_AGGRESSIVE;
				CLANG_CXX_LANGUAGE_STANDARD = "gnu++20";
				CLANG_ENABLE_MODULES = YES;
				CLANG_ENABLE_OBJC_ARC = YES;
				CLANG_ENABLE_OBJC_WEAK = YES;
				CLANG_WARN_BLOCK_CAPTURE_AUTORELEASING = YES;
				CLANG_WARN_BOOL_CONVERSION = YES;
				CLANG_WARN_COMMA = YES;
				CLANG_WARN_CONSTANT_CONVERSION = YES;
				CLANG_WARN_DEPRECATED_OBJC_IMPLEMENTATIONS = YES;
				CLANG_WARN_DIRECT_OBJC_ISA_USAGE = YES_ERROR;
				CLANG_WARN_DOCUMENTATION_COMMENTS = YES;
				CLANG_WARN_EMPTY_BODY = YES;
				CLANG_WARN_ENUM_CONVERSION = YES;
				CLANG_WARN_INFINITE_RECURSION = YES;
				CLANG_WARN_INT_CONVERSION = YES;
				CLANG_WARN_NON_LITERAL_NULL_CONVERSION = YES;
				CLANG_WARN_OBJC_IMPLICIT_RETAIN_SELF = YES;
				CLANG_WARN_OBJC_LITERAL_CONVERSION = YES;
				CLANG_WARN_OBJC_ROOT_CLASS = YES_ERROR;
				CLANG_WARN_QUOTED_INCLUDE_IN_FRAMEWORK_HEADER = YES;
				CLANG_WARN_RANGE_LOOP_ANALYSIS = YES;
				CLANG_WARN_STRICT_PROTOTYPES = YES;
				CLANG_WARN_SUSPICIOUS_MOVE = YES;
				CLANG_WARN_UNGUARDED_AVAILABILITY = YES_AGGRESSIVE;
				CLANG_WARN_UNREACHABLE_CODE = YES;
				CLANG_WARN__DUPLICATE_METHOD_MATCH = YES;
				COPY_PHASE_STRIP = NO;
				DEBUG_INFORMATION_FORMAT = "dwarf-with-dsym";
				ENABLE_NS_ASSERTIONS = NO;
				ENABLE_STRICT_OBJC_MSGSEND = YES;
				GCC_C_LANGUAGE_STANDARD = gnu11;
				GCC_NO_COMMON_BLOCKS = YES;
				GCC_WARN_64_TO_32_BIT_CONVERSION = YES;
				GCC_WARN_ABOUT_RETURN_TYPE = YES_ERROR;
				GCC_WARN_UNDECLARED_SELECTOR = YES;
				GCC_WARN_UNINITIALIZED_AUTOS = YES_AGGRESSIVE;
				GCC_WARN_UNUSED_FUNCTION = YES;
				GCC_WARN_UNUSED_VARIABLE = YES;
				MACOSX_DEPLOYMENT_TARGET = 11.0;
				MTL_ENABLE_DEBUG_INFO = NO;
				MTL_FAST_MATH = YES;
				SDKROOT = macosx;
				SWIFT_COMPILATION_MODE = wholemodule;
				SWIFT_OPTIMIZATION_LEVEL = "-O";
			};
			name = Release;
		};
		1C9BFDFB29EE244900A1F7F5 /* Debug */ = {
			isa = XCBuildConfiguration;
			buildSettings = {
				ASSETCATALOG_COMPILER_APPICON_NAME = AppIcon;
				ASSETCATALOG_COMPILER_GLOBAL_ACCENT_COLOR_NAME = AccentColor;
				CODE_SIGN_ENTITLEMENTS = AutoRun/AutoRun.entitlements;
				CODE_SIGN_STYLE = Automatic;
				COMBINE_HIDPI_IMAGES = YES;
				CURRENT_PROJECT_VERSION = 1;
				DEVELOPMENT_ASSET_PATHS = "\"AutoRun/Preview Content\"";
				DEVELOPMENT_TEAM = U6G2VLMPPZ;
				ENABLE_HARDENED_RUNTIME = YES;
				ENABLE_PREVIEWS = YES;
				GENERATE_INFOPLIST_FILE = YES;
				INFOPLIST_KEY_NSHumanReadableCopyright = "";
				LD_RUNPATH_SEARCH_PATHS = (
					"$(inherited)",
					"@executable_path/../Frameworks",
				);
				MARKETING_VERSION = 1.0;
				PRODUCT_BUNDLE_IDENTIFIER = com.caidev.AutoRun;
				PRODUCT_NAME = "$(TARGET_NAME)";
				SWIFT_EMIT_LOC_STRINGS = YES;
				SWIFT_VERSION = 5.0;
			};
			name = Debug;
		};
		1C9BFDFC29EE244900A1F7F5 /* Release */ = {
			isa = XCBuildConfiguration;
			buildSettings = {
				ASSETCATALOG_COMPILER_APPICON_NAME = AppIcon;
				ASSETCATALOG_COMPILER_GLOBAL_ACCENT_COLOR_NAME = AccentColor;
				CODE_SIGN_ENTITLEMENTS = AutoRun/AutoRun.entitlements;
				CODE_SIGN_STYLE = Automatic;
				COMBINE_HIDPI_IMAGES = YES;
				CURRENT_PROJECT_VERSION = 1;
				DEVELOPMENT_ASSET_PATHS = "\"AutoRun/Preview Content\"";
				DEVELOPMENT_TEAM = U6G2VLMPPZ;
				ENABLE_HARDENED_RUNTIME = YES;
				ENABLE_PREVIEWS = YES;
				GENERATE_INFOPLIST_FILE = YES;
				INFOPLIST_KEY_NSHumanReadableCopyright = "";
				LD_RUNPATH_SEARCH_PATHS = (
					"$(inherited)",
					"@executable_path/../Frameworks",
				);
				MARKETING_VERSION = 1.0;
				PRODUCT_BUNDLE_IDENTIFIER = com.caidev.AutoRun;
				PRODUCT_NAME = "$(TARGET_NAME)";
				SWIFT_EMIT_LOC_STRINGS = YES;
				SWIFT_VERSION = 5.0;
			};
			name = Release;
		};
/* End XCBuildConfiguration section */

/* Begin XCConfigurationList section */
		1C9BFDE629EE244800A1F7F5 /* Build configuration list for PBXProject "AutoRun" */ = {
			isa = XCConfigurationList;
			buildConfigurations = (
				1C9BFDF829EE244900A1F7F5 /* Debug */,
				1C9BFDF929EE244900A1F7F5 /* Release */,
			);
			defaultConfigurationIsVisible = 0;
			defaultConfigurationName = Release;
		};
		1C9BFDFA29EE244900A1F7F5 /* Build configuration list for PBXNativeTarget "AutoRun" */ = {
			isa = XCConfigurationList;
			buildConfigurations = (
				1C9BFDFB29EE244900A1F7F5 /* Debug */,
				1C9BFDFC29EE244900A1F7F5 /* Release */,
			);
			defaultConfigurationIsVisible = 0;
			defaultConfigurationName = Release;
		};
/* End XCConfigurationList section */
	};
	rootObject = 1C9BFDE329EE244800A1F7F5 /* Project object */;
}
